// !$*UTF8*$!
{
	archiveVersion = 1;
	classes = {
	};
	objectVersion = 46;
	objects = {

/* Begin PBXBuildFile section */
		4B02DE9A1E00EE8000DE345F /* PPProgressView.m in Sources */ = {isa = PBXBuildFile; fileRef = 4B02DE991E00EE8000DE345F /* PPProgressView.m */; };
		4B02DF421E010D8F00DE345F /* NSArray+ObjectAtIndexWithBoundsCheck.m in Sources */ = {isa = PBXBuildFile; fileRef = 4B02DF331E010D8F00DE345F /* NSArray+ObjectAtIndexWithBoundsCheck.m */; };
		4B02DF431E010D8F00DE345F /* NSArray+SafeValue.m in Sources */ = {isa = PBXBuildFile; fileRef = 4B02DF361E010D8F00DE345F /* NSArray+SafeValue.m */; };
		4B02DF441E010D8F00DE345F /* NSArray+StringValue.m in Sources */ = {isa = PBXBuildFile; fileRef = 4B02DF381E010D8F00DE345F /* NSArray+StringValue.m */; };
		4B02DF451E010D8F00DE345F /* NSDictionary+SafeValue.m in Sources */ = {isa = PBXBuildFile; fileRef = 4B02DF3A1E010D8F00DE345F /* NSDictionary+SafeValue.m */; };
		4B02DF461E010D8F00DE345F /* NSDictionary+StringValue.m in Sources */ = {isa = PBXBuildFile; fileRef = 4B02DF3C1E010D8F00DE345F /* NSDictionary+StringValue.m */; };
		4B02DF471E010D8F00DE345F /* NSObject+SafeValueWithJSON.m in Sources */ = {isa = PBXBuildFile; fileRef = 4B02DF3E1E010D8F00DE345F /* NSObject+SafeValueWithJSON.m */; };
		4B02DF481E010D8F00DE345F /* UIColor+BZHex.m in Sources */ = {isa = PBXBuildFile; fileRef = 4B02DF411E010D8F00DE345F /* UIColor+BZHex.m */; };
		4B239C6F1DFAAA0500D01B55 /* PPYLiveKit.framework in Frameworks */ = {isa = PBXBuildFile; fileRef = 4B239C6C1DFAAA0500D01B55 /* PPYLiveKit.framework */; };
		4B239C701DFAB75800D01B55 /* MediaPlayerFramework.framework in Frameworks */ = {isa = PBXBuildFile; fileRef = 4B239C6A1DFAAA0500D01B55 /* MediaPlayerFramework.framework */; };
		4B239C711DFAB75800D01B55 /* MediaPlayerFramework.framework in Embed Frameworks */ = {isa = PBXBuildFile; fileRef = 4B239C6A1DFAAA0500D01B55 /* MediaPlayerFramework.framework */; settings = {ATTRIBUTES = (CodeSignOnCopy, RemoveHeadersOnCopy, ); }; };
		4B239C721DFAB75800D01B55 /* MediaStreamerFramework.framework in Frameworks */ = {isa = PBXBuildFile; fileRef = 4B239C6B1DFAAA0500D01B55 /* MediaStreamerFramework.framework */; };
		4B239C731DFAB75800D01B55 /* MediaStreamerFramework.framework in Embed Frameworks */ = {isa = PBXBuildFile; fileRef = 4B239C6B1DFAAA0500D01B55 /* MediaStreamerFramework.framework */; settings = {ATTRIBUTES = (CodeSignOnCopy, RemoveHeadersOnCopy, ); }; };
		4B239C751DFAB75800D01B55 /* PPYLiveKit.framework in Embed Frameworks */ = {isa = PBXBuildFile; fileRef = 4B239C6C1DFAAA0500D01B55 /* PPYLiveKit.framework */; settings = {ATTRIBUTES = (CodeSignOnCopy, RemoveHeadersOnCopy, ); }; };
		4BD0AA1B1DFFEF330063D2E9 /* Assets.xcassets in Resources */ = {isa = PBXBuildFile; fileRef = 842472F11DCC7FA0007B4D44 /* Assets.xcassets */; };
		842472E71DCC7FA0007B4D44 /* main.m in Sources */ = {isa = PBXBuildFile; fileRef = 842472E61DCC7FA0007B4D44 /* main.m */; };
		842472EA1DCC7FA0007B4D44 /* AppDelegate.m in Sources */ = {isa = PBXBuildFile; fileRef = 842472E91DCC7FA0007B4D44 /* AppDelegate.m */; };
		842472F51DCC7FA0007B4D44 /* LaunchScreen.storyboard in Resources */ = {isa = PBXBuildFile; fileRef = 842472F31DCC7FA0007B4D44 /* LaunchScreen.storyboard */; };
		842472FF1DCC80FA007B4D44 /* mainViewController.m in Sources */ = {isa = PBXBuildFile; fileRef = 842472FD1DCC80FA007B4D44 /* mainViewController.m */; };
		842473001DCC80FA007B4D44 /* mainViewController.xib in Resources */ = {isa = PBXBuildFile; fileRef = 842472FE1DCC80FA007B4D44 /* mainViewController.xib */; };
		842473101DD03102007B4D44 /* RecordController.m in Sources */ = {isa = PBXBuildFile; fileRef = 8424730E1DD03102007B4D44 /* RecordController.m */; };
		842473111DD03102007B4D44 /* RecordController.xib in Resources */ = {isa = PBXBuildFile; fileRef = 8424730F1DD03102007B4D44 /* RecordController.xib */; };
		842473271DD04FDB007B4D44 /* CaptureView.m in Sources */ = {isa = PBXBuildFile; fileRef = 842473261DD04FDB007B4D44 /* CaptureView.m */; };
		842473841DD094BE007B4D44 /* MASCompositeConstraint.m in Sources */ = {isa = PBXBuildFile; fileRef = 8424736C1DD094BE007B4D44 /* MASCompositeConstraint.m */; };
		842473851DD094BE007B4D44 /* MASConstraint.m in Sources */ = {isa = PBXBuildFile; fileRef = 8424736E1DD094BE007B4D44 /* MASConstraint.m */; };
		842473861DD094BE007B4D44 /* MASConstraintMaker.m in Sources */ = {isa = PBXBuildFile; fileRef = 842473711DD094BE007B4D44 /* MASConstraintMaker.m */; };
		842473871DD094BE007B4D44 /* MASLayoutConstraint.m in Sources */ = {isa = PBXBuildFile; fileRef = 842473731DD094BE007B4D44 /* MASLayoutConstraint.m */; };
		842473881DD094BE007B4D44 /* MASViewAttribute.m in Sources */ = {isa = PBXBuildFile; fileRef = 842473771DD094BE007B4D44 /* MASViewAttribute.m */; };
		842473891DD094BE007B4D44 /* MASViewConstraint.m in Sources */ = {isa = PBXBuildFile; fileRef = 842473791DD094BE007B4D44 /* MASViewConstraint.m */; };
		8424738A1DD094BE007B4D44 /* NSArray+MASAdditions.m in Sources */ = {isa = PBXBuildFile; fileRef = 8424737B1DD094BE007B4D44 /* NSArray+MASAdditions.m */; };
		8424738B1DD094BE007B4D44 /* NSLayoutConstraint+MASDebugAdditions.m in Sources */ = {isa = PBXBuildFile; fileRef = 8424737E1DD094BE007B4D44 /* NSLayoutConstraint+MASDebugAdditions.m */; };
		8424738C1DD094BE007B4D44 /* View+MASAdditions.m in Sources */ = {isa = PBXBuildFile; fileRef = 842473801DD094BE007B4D44 /* View+MASAdditions.m */; };
		8424738D1DD094BE007B4D44 /* ViewController+MASAdditions.m in Sources */ = {isa = PBXBuildFile; fileRef = 842473831DD094BE007B4D44 /* ViewController+MASAdditions.m */; };
		842473A71DD1A181007B4D44 /* PlayListController.m in Sources */ = {isa = PBXBuildFile; fileRef = 842473A51DD1A181007B4D44 /* PlayListController.m */; };
		842473A81DD1A181007B4D44 /* PlayListController.xib in Resources */ = {isa = PBXBuildFile; fileRef = 842473A61DD1A181007B4D44 /* PlayListController.xib */; };
		842473AC1DD1A27F007B4D44 /* FlowCell.m in Sources */ = {isa = PBXBuildFile; fileRef = 842473AA1DD1A27F007B4D44 /* FlowCell.m */; };
		842473AD1DD1A27F007B4D44 /* FlowCell.xib in Resources */ = {isa = PBXBuildFile; fileRef = 842473AB1DD1A27F007B4D44 /* FlowCell.xib */; };
		842473B41DD1A2E6007B4D44 /* NSObject+YYModel.m in Sources */ = {isa = PBXBuildFile; fileRef = 842473B01DD1A2E6007B4D44 /* NSObject+YYModel.m */; };
		842473B51DD1A2E6007B4D44 /* YYClassInfo.m in Sources */ = {isa = PBXBuildFile; fileRef = 842473B21DD1A2E6007B4D44 /* YYClassInfo.m */; };
		842473BC1DD1A2FC007B4D44 /* UIScrollView+SVInfiniteScrolling.m in Sources */ = {isa = PBXBuildFile; fileRef = 842473B91DD1A2FC007B4D44 /* UIScrollView+SVInfiniteScrolling.m */; };
		842473BD1DD1A2FC007B4D44 /* UIScrollView+SVPullToRefresh.m in Sources */ = {isa = PBXBuildFile; fileRef = 842473BB1DD1A2FC007B4D44 /* UIScrollView+SVPullToRefresh.m */; };
		842473CC1DD1A30C007B4D44 /* AFHTTPSessionManager.m in Sources */ = {isa = PBXBuildFile; fileRef = 842473C01DD1A30C007B4D44 /* AFHTTPSessionManager.m */; };
		842473CD1DD1A30C007B4D44 /* AFNetworkReachabilityManager.m in Sources */ = {isa = PBXBuildFile; fileRef = 842473C31DD1A30C007B4D44 /* AFNetworkReachabilityManager.m */; };
		842473CE1DD1A30C007B4D44 /* AFSecurityPolicy.m in Sources */ = {isa = PBXBuildFile; fileRef = 842473C51DD1A30C007B4D44 /* AFSecurityPolicy.m */; };
		842473CF1DD1A30C007B4D44 /* AFURLRequestSerialization.m in Sources */ = {isa = PBXBuildFile; fileRef = 842473C71DD1A30C007B4D44 /* AFURLRequestSerialization.m */; };
		842473D01DD1A30C007B4D44 /* AFURLResponseSerialization.m in Sources */ = {isa = PBXBuildFile; fileRef = 842473C91DD1A30C007B4D44 /* AFURLResponseSerialization.m */; };
		842473D11DD1A30C007B4D44 /* AFURLSessionManager.m in Sources */ = {isa = PBXBuildFile; fileRef = 842473CB1DD1A30C007B4D44 /* AFURLSessionManager.m */; };
		842473E61DD1D1B5007B4D44 /* PlayerView.m in Sources */ = {isa = PBXBuildFile; fileRef = 842473E51DD1D1B5007B4D44 /* PlayerView.m */; };
		842473EF1DD1E58C007B4D44 /* PlayerController.m in Sources */ = {isa = PBXBuildFile; fileRef = 842473ED1DD1E58C007B4D44 /* PlayerController.m */; };
		842473F01DD1E58C007B4D44 /* PlayerController.xib in Resources */ = {isa = PBXBuildFile; fileRef = 842473EE1DD1E58C007B4D44 /* PlayerController.xib */; };
		842473F41DD2C360007B4D44 /* WebAPI.m in Sources */ = {isa = PBXBuildFile; fileRef = 842473F31DD2C360007B4D44 /* WebAPI.m */; };
		842473F81DD40CB0007B4D44 /* PlayListHelper.m in Sources */ = {isa = PBXBuildFile; fileRef = 842473F71DD40CB0007B4D44 /* PlayListHelper.m */; };
		842473FB1DD40FA3007B4D44 /* WebAPIResponseModels.m in Sources */ = {isa = PBXBuildFile; fileRef = 842473FA1DD40FA3007B4D44 /* WebAPIResponseModels.m */; };
		842473FF1DD444D0007B4D44 /* UploadController.m in Sources */ = {isa = PBXBuildFile; fileRef = 842473FD1DD444D0007B4D44 /* UploadController.m */; };
		842474001DD444D0007B4D44 /* UploadController.xib in Resources */ = {isa = PBXBuildFile; fileRef = 842473FE1DD444D0007B4D44 /* UploadController.xib */; };
		842474091DD49907007B4D44 /* JGCycleProgressView.m in Sources */ = {isa = PBXBuildFile; fileRef = 842474081DD49907007B4D44 /* JGCycleProgressView.m */; };
		842474121DD5C678007B4D44 /* MBProgressHUD.m in Sources */ = {isa = PBXBuildFile; fileRef = 842474111DD5C677007B4D44 /* MBProgressHUD.m */; };
		84FEF3FE1DDEE47C008D4EDD /* JGPlayerControlPanel.m in Sources */ = {isa = PBXBuildFile; fileRef = 84FEF3FC1DDEE47C008D4EDD /* JGPlayerControlPanel.m */; };
		84FEF3FF1DDEE47C008D4EDD /* JGPlayerControlPanel.xib in Resources */ = {isa = PBXBuildFile; fileRef = 84FEF3FD1DDEE47C008D4EDD /* JGPlayerControlPanel.xib */; };
/* End PBXBuildFile section */

/* Begin PBXCopyFilesBuildPhase section */
		842473241DD04D83007B4D44 /* Embed Frameworks */ = {
			isa = PBXCopyFilesBuildPhase;
			buildActionMask = 2147483647;
			dstPath = "";
			dstSubfolderSpec = 10;
			files = (
				4B239C731DFAB75800D01B55 /* MediaStreamerFramework.framework in Embed Frameworks */,
				4B239C711DFAB75800D01B55 /* MediaPlayerFramework.framework in Embed Frameworks */,
				4B239C751DFAB75800D01B55 /* PPYLiveKit.framework in Embed Frameworks */,
			);
			name = "Embed Frameworks";
			runOnlyForDeploymentPostprocessing = 0;
		};
/* End PBXCopyFilesBuildPhase section */

/* Begin PBXFileReference section */
		4B02DE981E00EE8000DE345F /* PPProgressView.h */ = {isa = PBXFileReference; fileEncoding = 4; lastKnownFileType = sourcecode.c.h; name = PPProgressView.h; path = CustomView/PPProgressView.h; sourceTree = "<group>"; };
		4B02DE991E00EE8000DE345F /* PPProgressView.m */ = {isa = PBXFileReference; fileEncoding = 4; lastKnownFileType = sourcecode.c.objc; name = PPProgressView.m; path = CustomView/PPProgressView.m; sourceTree = "<group>"; };
		4B02DF321E010D8F00DE345F /* NSArray+ObjectAtIndexWithBoundsCheck.h */ = {isa = PBXFileReference; fileEncoding = 4; lastKnownFileType = sourcecode.c.h; path = "NSArray+ObjectAtIndexWithBoundsCheck.h"; sourceTree = "<group>"; };
		4B02DF331E010D8F00DE345F /* NSArray+ObjectAtIndexWithBoundsCheck.m */ = {isa = PBXFileReference; fileEncoding = 4; lastKnownFileType = sourcecode.c.objc; path = "NSArray+ObjectAtIndexWithBoundsCheck.m"; sourceTree = "<group>"; };
		4B02DF351E010D8F00DE345F /* NSArray+SafeValue.h */ = {isa = PBXFileReference; fileEncoding = 4; lastKnownFileType = sourcecode.c.h; path = "NSArray+SafeValue.h"; sourceTree = "<group>"; };
		4B02DF361E010D8F00DE345F /* NSArray+SafeValue.m */ = {isa = PBXFileReference; fileEncoding = 4; lastKnownFileType = sourcecode.c.objc; path = "NSArray+SafeValue.m"; sourceTree = "<group>"; };
		4B02DF371E010D8F00DE345F /* NSArray+StringValue.h */ = {isa = PBXFileReference; fileEncoding = 4; lastKnownFileType = sourcecode.c.h; path = "NSArray+StringValue.h"; sourceTree = "<group>"; };
		4B02DF381E010D8F00DE345F /* NSArray+StringValue.m */ = {isa = PBXFileReference; fileEncoding = 4; lastKnownFileType = sourcecode.c.objc; path = "NSArray+StringValue.m"; sourceTree = "<group>"; };
		4B02DF391E010D8F00DE345F /* NSDictionary+SafeValue.h */ = {isa = PBXFileReference; fileEncoding = 4; lastKnownFileType = sourcecode.c.h; path = "NSDictionary+SafeValue.h"; sourceTree = "<group>"; };
		4B02DF3A1E010D8F00DE345F /* NSDictionary+SafeValue.m */ = {isa = PBXFileReference; fileEncoding = 4; lastKnownFileType = sourcecode.c.objc; path = "NSDictionary+SafeValue.m"; sourceTree = "<group>"; };
		4B02DF3B1E010D8F00DE345F /* NSDictionary+StringValue.h */ = {isa = PBXFileReference; fileEncoding = 4; lastKnownFileType = sourcecode.c.h; path = "NSDictionary+StringValue.h"; sourceTree = "<group>"; };
		4B02DF3C1E010D8F00DE345F /* NSDictionary+StringValue.m */ = {isa = PBXFileReference; fileEncoding = 4; lastKnownFileType = sourcecode.c.objc; path = "NSDictionary+StringValue.m"; sourceTree = "<group>"; };
		4B02DF3D1E010D8F00DE345F /* NSObject+SafeValueWithJSON.h */ = {isa = PBXFileReference; fileEncoding = 4; lastKnownFileType = sourcecode.c.h; path = "NSObject+SafeValueWithJSON.h"; sourceTree = "<group>"; };
		4B02DF3E1E010D8F00DE345F /* NSObject+SafeValueWithJSON.m */ = {isa = PBXFileReference; fileEncoding = 4; lastKnownFileType = sourcecode.c.objc; path = "NSObject+SafeValueWithJSON.m"; sourceTree = "<group>"; };
		4B02DF3F1E010D8F00DE345F /* PPObjectSafe.h */ = {isa = PBXFileReference; fileEncoding = 4; lastKnownFileType = sourcecode.c.h; path = PPObjectSafe.h; sourceTree = "<group>"; };
		4B02DF401E010D8F00DE345F /* UIColor+BZHex.h */ = {isa = PBXFileReference; fileEncoding = 4; lastKnownFileType = sourcecode.c.h; path = "UIColor+BZHex.h"; sourceTree = "<group>"; };
		4B02DF411E010D8F00DE345F /* UIColor+BZHex.m */ = {isa = PBXFileReference; fileEncoding = 4; lastKnownFileType = sourcecode.c.objc; path = "UIColor+BZHex.m"; sourceTree = "<group>"; };
		4B239C6A1DFAAA0500D01B55 /* MediaPlayerFramework.framework */ = {isa = PBXFileReference; lastKnownFileType = wrapper.framework; path = MediaPlayerFramework.framework; sourceTree = "<group>"; };
		4B239C6B1DFAAA0500D01B55 /* MediaStreamerFramework.framework */ = {isa = PBXFileReference; lastKnownFileType = wrapper.framework; path = MediaStreamerFramework.framework; sourceTree = "<group>"; };
		4B239C6C1DFAAA0500D01B55 /* PPYLiveKit.framework */ = {isa = PBXFileReference; lastKnownFileType = wrapper.framework; path = PPYLiveKit.framework; sourceTree = "<group>"; };
		842472E21DCC7FA0007B4D44 /* PPYShortVideo.app */ = {isa = PBXFileReference; explicitFileType = wrapper.application; includeInIndex = 0; path = PPYShortVideo.app; sourceTree = BUILT_PRODUCTS_DIR; };
		842472E61DCC7FA0007B4D44 /* main.m */ = {isa = PBXFileReference; lastKnownFileType = sourcecode.c.objc; path = main.m; sourceTree = "<group>"; };
		842472E81DCC7FA0007B4D44 /* AppDelegate.h */ = {isa = PBXFileReference; lastKnownFileType = sourcecode.c.h; path = AppDelegate.h; sourceTree = "<group>"; };
		842472E91DCC7FA0007B4D44 /* AppDelegate.m */ = {isa = PBXFileReference; lastKnownFileType = sourcecode.c.objc; path = AppDelegate.m; sourceTree = "<group>"; };
		842472F11DCC7FA0007B4D44 /* Assets.xcassets */ = {isa = PBXFileReference; lastKnownFileType = folder.assetcatalog; path = Assets.xcassets; sourceTree = "<group>"; };
		842472F41DCC7FA0007B4D44 /* Base */ = {isa = PBXFileReference; lastKnownFileType = file.storyboard; name = Base; path = Base.lproj/LaunchScreen.storyboard; sourceTree = "<group>"; };
		842472F61DCC7FA0007B4D44 /* Info.plist */ = {isa = PBXFileReference; lastKnownFileType = text.plist.xml; path = Info.plist; sourceTree = "<group>"; };
		842472FC1DCC80FA007B4D44 /* mainViewController.h */ = {isa = PBXFileReference; fileEncoding = 4; lastKnownFileType = sourcecode.c.h; name = mainViewController.h; path = Controller/mainViewController.h; sourceTree = "<group>"; };
		842472FD1DCC80FA007B4D44 /* mainViewController.m */ = {isa = PBXFileReference; fileEncoding = 4; lastKnownFileType = sourcecode.c.objc; name = mainViewController.m; path = Controller/mainViewController.m; sourceTree = "<group>"; };
		842472FE1DCC80FA007B4D44 /* mainViewController.xib */ = {isa = PBXFileReference; fileEncoding = 4; lastKnownFileType = file.xib; name = mainViewController.xib; path = Controller/mainViewController.xib; sourceTree = "<group>"; };
		8424730D1DD03102007B4D44 /* RecordController.h */ = {isa = PBXFileReference; fileEncoding = 4; lastKnownFileType = sourcecode.c.h; name = RecordController.h; path = Controller/RecordController.h; sourceTree = "<group>"; };
		8424730E1DD03102007B4D44 /* RecordController.m */ = {isa = PBXFileReference; fileEncoding = 4; lastKnownFileType = sourcecode.c.objc; name = RecordController.m; path = Controller/RecordController.m; sourceTree = "<group>"; };
		8424730F1DD03102007B4D44 /* RecordController.xib */ = {isa = PBXFileReference; fileEncoding = 4; lastKnownFileType = file.xib; name = RecordController.xib; path = Controller/RecordController.xib; sourceTree = "<group>"; };
		842473251DD04FDB007B4D44 /* CaptureView.h */ = {isa = PBXFileReference; fileEncoding = 4; lastKnownFileType = sourcecode.c.h; name = CaptureView.h; path = CustomView/CaptureView.h; sourceTree = "<group>"; };
		842473261DD04FDB007B4D44 /* CaptureView.m */ = {isa = PBXFileReference; fileEncoding = 4; lastKnownFileType = sourcecode.c.objc; name = CaptureView.m; path = CustomView/CaptureView.m; sourceTree = "<group>"; };
		8424736B1DD094BE007B4D44 /* MASCompositeConstraint.h */ = {isa = PBXFileReference; fileEncoding = 4; lastKnownFileType = sourcecode.c.h; name = MASCompositeConstraint.h; path = OpenSource/Masonry/MASCompositeConstraint.h; sourceTree = "<group>"; };
		8424736C1DD094BE007B4D44 /* MASCompositeConstraint.m */ = {isa = PBXFileReference; fileEncoding = 4; lastKnownFileType = sourcecode.c.objc; name = MASCompositeConstraint.m; path = OpenSource/Masonry/MASCompositeConstraint.m; sourceTree = "<group>"; };
		8424736D1DD094BE007B4D44 /* MASConstraint.h */ = {isa = PBXFileReference; fileEncoding = 4; lastKnownFileType = sourcecode.c.h; name = MASConstraint.h; path = OpenSource/Masonry/MASConstraint.h; sourceTree = "<group>"; };
		8424736E1DD094BE007B4D44 /* MASConstraint.m */ = {isa = PBXFileReference; fileEncoding = 4; lastKnownFileType = sourcecode.c.objc; name = MASConstraint.m; path = OpenSource/Masonry/MASConstraint.m; sourceTree = "<group>"; };
		8424736F1DD094BE007B4D44 /* MASConstraint+Private.h */ = {isa = PBXFileReference; fileEncoding = 4; lastKnownFileType = sourcecode.c.h; name = "MASConstraint+Private.h"; path = "OpenSource/Masonry/MASConstraint+Private.h"; sourceTree = "<group>"; };
		842473701DD094BE007B4D44 /* MASConstraintMaker.h */ = {isa = PBXFileReference; fileEncoding = 4; lastKnownFileType = sourcecode.c.h; name = MASConstraintMaker.h; path = OpenSource/Masonry/MASConstraintMaker.h; sourceTree = "<group>"; };
		842473711DD094BE007B4D44 /* MASConstraintMaker.m */ = {isa = PBXFileReference; fileEncoding = 4; lastKnownFileType = sourcecode.c.objc; name = MASConstraintMaker.m; path = OpenSource/Masonry/MASConstraintMaker.m; sourceTree = "<group>"; };
		842473721DD094BE007B4D44 /* MASLayoutConstraint.h */ = {isa = PBXFileReference; fileEncoding = 4; lastKnownFileType = sourcecode.c.h; name = MASLayoutConstraint.h; path = OpenSource/Masonry/MASLayoutConstraint.h; sourceTree = "<group>"; };
		842473731DD094BE007B4D44 /* MASLayoutConstraint.m */ = {isa = PBXFileReference; fileEncoding = 4; lastKnownFileType = sourcecode.c.objc; name = MASLayoutConstraint.m; path = OpenSource/Masonry/MASLayoutConstraint.m; sourceTree = "<group>"; };
		842473741DD094BE007B4D44 /* Masonry.h */ = {isa = PBXFileReference; fileEncoding = 4; lastKnownFileType = sourcecode.c.h; name = Masonry.h; path = OpenSource/Masonry/Masonry.h; sourceTree = "<group>"; };
		842473751DD094BE007B4D44 /* MASUtilities.h */ = {isa = PBXFileReference; fileEncoding = 4; lastKnownFileType = sourcecode.c.h; name = MASUtilities.h; path = OpenSource/Masonry/MASUtilities.h; sourceTree = "<group>"; };
		842473761DD094BE007B4D44 /* MASViewAttribute.h */ = {isa = PBXFileReference; fileEncoding = 4; lastKnownFileType = sourcecode.c.h; name = MASViewAttribute.h; path = OpenSource/Masonry/MASViewAttribute.h; sourceTree = "<group>"; };
		842473771DD094BE007B4D44 /* MASViewAttribute.m */ = {isa = PBXFileReference; fileEncoding = 4; lastKnownFileType = sourcecode.c.objc; name = MASViewAttribute.m; path = OpenSource/Masonry/MASViewAttribute.m; sourceTree = "<group>"; };
		842473781DD094BE007B4D44 /* MASViewConstraint.h */ = {isa = PBXFileReference; fileEncoding = 4; lastKnownFileType = sourcecode.c.h; name = MASViewConstraint.h; path = OpenSource/Masonry/MASViewConstraint.h; sourceTree = "<group>"; };
		842473791DD094BE007B4D44 /* MASViewConstraint.m */ = {isa = PBXFileReference; fileEncoding = 4; lastKnownFileType = sourcecode.c.objc; name = MASViewConstraint.m; path = OpenSource/Masonry/MASViewConstraint.m; sourceTree = "<group>"; };
		8424737A1DD094BE007B4D44 /* NSArray+MASAdditions.h */ = {isa = PBXFileReference; fileEncoding = 4; lastKnownFileType = sourcecode.c.h; name = "NSArray+MASAdditions.h"; path = "OpenSource/Masonry/NSArray+MASAdditions.h"; sourceTree = "<group>"; };
		8424737B1DD094BE007B4D44 /* NSArray+MASAdditions.m */ = {isa = PBXFileReference; fileEncoding = 4; lastKnownFileType = sourcecode.c.objc; name = "NSArray+MASAdditions.m"; path = "OpenSource/Masonry/NSArray+MASAdditions.m"; sourceTree = "<group>"; };
		8424737C1DD094BE007B4D44 /* NSArray+MASShorthandAdditions.h */ = {isa = PBXFileReference; fileEncoding = 4; lastKnownFileType = sourcecode.c.h; name = "NSArray+MASShorthandAdditions.h"; path = "OpenSource/Masonry/NSArray+MASShorthandAdditions.h"; sourceTree = "<group>"; };
		8424737D1DD094BE007B4D44 /* NSLayoutConstraint+MASDebugAdditions.h */ = {isa = PBXFileReference; fileEncoding = 4; lastKnownFileType = sourcecode.c.h; name = "NSLayoutConstraint+MASDebugAdditions.h"; path = "OpenSource/Masonry/NSLayoutConstraint+MASDebugAdditions.h"; sourceTree = "<group>"; };
		8424737E1DD094BE007B4D44 /* NSLayoutConstraint+MASDebugAdditions.m */ = {isa = PBXFileReference; fileEncoding = 4; lastKnownFileType = sourcecode.c.objc; name = "NSLayoutConstraint+MASDebugAdditions.m"; path = "OpenSource/Masonry/NSLayoutConstraint+MASDebugAdditions.m"; sourceTree = "<group>"; };
		8424737F1DD094BE007B4D44 /* View+MASAdditions.h */ = {isa = PBXFileReference; fileEncoding = 4; lastKnownFileType = sourcecode.c.h; name = "View+MASAdditions.h"; path = "OpenSource/Masonry/View+MASAdditions.h"; sourceTree = "<group>"; };
		842473801DD094BE007B4D44 /* View+MASAdditions.m */ = {isa = PBXFileReference; fileEncoding = 4; lastKnownFileType = sourcecode.c.objc; name = "View+MASAdditions.m"; path = "OpenSource/Masonry/View+MASAdditions.m"; sourceTree = "<group>"; };
		842473811DD094BE007B4D44 /* View+MASShorthandAdditions.h */ = {isa = PBXFileReference; fileEncoding = 4; lastKnownFileType = sourcecode.c.h; name = "View+MASShorthandAdditions.h"; path = "OpenSource/Masonry/View+MASShorthandAdditions.h"; sourceTree = "<group>"; };
		842473821DD094BE007B4D44 /* ViewController+MASAdditions.h */ = {isa = PBXFileReference; fileEncoding = 4; lastKnownFileType = sourcecode.c.h; name = "ViewController+MASAdditions.h"; path = "OpenSource/Masonry/ViewController+MASAdditions.h"; sourceTree = "<group>"; };
		842473831DD094BE007B4D44 /* ViewController+MASAdditions.m */ = {isa = PBXFileReference; fileEncoding = 4; lastKnownFileType = sourcecode.c.objc; name = "ViewController+MASAdditions.m"; path = "OpenSource/Masonry/ViewController+MASAdditions.m"; sourceTree = "<group>"; };
		842473A41DD1A181007B4D44 /* PlayListController.h */ = {isa = PBXFileReference; fileEncoding = 4; lastKnownFileType = sourcecode.c.h; name = PlayListController.h; path = Player/PlayListController.h; sourceTree = "<group>"; };
		842473A51DD1A181007B4D44 /* PlayListController.m */ = {isa = PBXFileReference; fileEncoding = 4; lastKnownFileType = sourcecode.c.objc; name = PlayListController.m; path = Player/PlayListController.m; sourceTree = "<group>"; };
		842473A61DD1A181007B4D44 /* PlayListController.xib */ = {isa = PBXFileReference; fileEncoding = 4; lastKnownFileType = file.xib; name = PlayListController.xib; path = Player/PlayListController.xib; sourceTree = "<group>"; };
		842473A91DD1A27F007B4D44 /* FlowCell.h */ = {isa = PBXFileReference; fileEncoding = 4; lastKnownFileType = sourcecode.c.h; name = FlowCell.h; path = Player/FlowCell.h; sourceTree = "<group>"; };
		842473AA1DD1A27F007B4D44 /* FlowCell.m */ = {isa = PBXFileReference; fileEncoding = 4; lastKnownFileType = sourcecode.c.objc; name = FlowCell.m; path = Player/FlowCell.m; sourceTree = "<group>"; };
		842473AB1DD1A27F007B4D44 /* FlowCell.xib */ = {isa = PBXFileReference; fileEncoding = 4; lastKnownFileType = file.xib; name = FlowCell.xib; path = Player/FlowCell.xib; sourceTree = "<group>"; };
		842473AF1DD1A2E6007B4D44 /* NSObject+YYModel.h */ = {isa = PBXFileReference; fileEncoding = 4; lastKnownFileType = sourcecode.c.h; name = "NSObject+YYModel.h"; path = "OpenSource/YYModel/NSObject+YYModel.h"; sourceTree = "<group>"; };
		842473B01DD1A2E6007B4D44 /* NSObject+YYModel.m */ = {isa = PBXFileReference; fileEncoding = 4; lastKnownFileType = sourcecode.c.objc; name = "NSObject+YYModel.m"; path = "OpenSource/YYModel/NSObject+YYModel.m"; sourceTree = "<group>"; };
		842473B11DD1A2E6007B4D44 /* YYClassInfo.h */ = {isa = PBXFileReference; fileEncoding = 4; lastKnownFileType = sourcecode.c.h; name = YYClassInfo.h; path = OpenSource/YYModel/YYClassInfo.h; sourceTree = "<group>"; };
		842473B21DD1A2E6007B4D44 /* YYClassInfo.m */ = {isa = PBXFileReference; fileEncoding = 4; lastKnownFileType = sourcecode.c.objc; name = YYClassInfo.m; path = OpenSource/YYModel/YYClassInfo.m; sourceTree = "<group>"; };
		842473B31DD1A2E6007B4D44 /* YYModel.h */ = {isa = PBXFileReference; fileEncoding = 4; lastKnownFileType = sourcecode.c.h; name = YYModel.h; path = OpenSource/YYModel/YYModel.h; sourceTree = "<group>"; };
		842473B71DD1A2FC007B4D44 /* SVPullToRefresh.h */ = {isa = PBXFileReference; fileEncoding = 4; lastKnownFileType = sourcecode.c.h; name = SVPullToRefresh.h; path = OpenSource/SVPullToRefresh/SVPullToRefresh.h; sourceTree = "<group>"; };
		842473B81DD1A2FC007B4D44 /* UIScrollView+SVInfiniteScrolling.h */ = {isa = PBXFileReference; fileEncoding = 4; lastKnownFileType = sourcecode.c.h; name = "UIScrollView+SVInfiniteScrolling.h"; path = "OpenSource/SVPullToRefresh/UIScrollView+SVInfiniteScrolling.h"; sourceTree = "<group>"; };
		842473B91DD1A2FC007B4D44 /* UIScrollView+SVInfiniteScrolling.m */ = {isa = PBXFileReference; fileEncoding = 4; lastKnownFileType = sourcecode.c.objc; name = "UIScrollView+SVInfiniteScrolling.m"; path = "OpenSource/SVPullToRefresh/UIScrollView+SVInfiniteScrolling.m"; sourceTree = "<group>"; };
		842473BA1DD1A2FC007B4D44 /* UIScrollView+SVPullToRefresh.h */ = {isa = PBXFileReference; fileEncoding = 4; lastKnownFileType = sourcecode.c.h; name = "UIScrollView+SVPullToRefresh.h"; path = "OpenSource/SVPullToRefresh/UIScrollView+SVPullToRefresh.h"; sourceTree = "<group>"; };
		842473BB1DD1A2FC007B4D44 /* UIScrollView+SVPullToRefresh.m */ = {isa = PBXFileReference; fileEncoding = 4; lastKnownFileType = sourcecode.c.objc; name = "UIScrollView+SVPullToRefresh.m"; path = "OpenSource/SVPullToRefresh/UIScrollView+SVPullToRefresh.m"; sourceTree = "<group>"; };
		842473BF1DD1A30C007B4D44 /* AFHTTPSessionManager.h */ = {isa = PBXFileReference; fileEncoding = 4; lastKnownFileType = sourcecode.c.h; name = AFHTTPSessionManager.h; path = OpenSource/AFNetworking/AFHTTPSessionManager.h; sourceTree = "<group>"; };
		842473C01DD1A30C007B4D44 /* AFHTTPSessionManager.m */ = {isa = PBXFileReference; fileEncoding = 4; lastKnownFileType = sourcecode.c.objc; name = AFHTTPSessionManager.m; path = OpenSource/AFNetworking/AFHTTPSessionManager.m; sourceTree = "<group>"; };
		842473C11DD1A30C007B4D44 /* AFNetworking.h */ = {isa = PBXFileReference; fileEncoding = 4; lastKnownFileType = sourcecode.c.h; name = AFNetworking.h; path = OpenSource/AFNetworking/AFNetworking.h; sourceTree = "<group>"; };
		842473C21DD1A30C007B4D44 /* AFNetworkReachabilityManager.h */ = {isa = PBXFileReference; fileEncoding = 4; lastKnownFileType = sourcecode.c.h; name = AFNetworkReachabilityManager.h; path = OpenSource/AFNetworking/AFNetworkReachabilityManager.h; sourceTree = "<group>"; };
		842473C31DD1A30C007B4D44 /* AFNetworkReachabilityManager.m */ = {isa = PBXFileReference; fileEncoding = 4; lastKnownFileType = sourcecode.c.objc; name = AFNetworkReachabilityManager.m; path = OpenSource/AFNetworking/AFNetworkReachabilityManager.m; sourceTree = "<group>"; };
		842473C41DD1A30C007B4D44 /* AFSecurityPolicy.h */ = {isa = PBXFileReference; fileEncoding = 4; lastKnownFileType = sourcecode.c.h; name = AFSecurityPolicy.h; path = OpenSource/AFNetworking/AFSecurityPolicy.h; sourceTree = "<group>"; };
		842473C51DD1A30C007B4D44 /* AFSecurityPolicy.m */ = {isa = PBXFileReference; fileEncoding = 4; lastKnownFileType = sourcecode.c.objc; name = AFSecurityPolicy.m; path = OpenSource/AFNetworking/AFSecurityPolicy.m; sourceTree = "<group>"; };
		842473C61DD1A30C007B4D44 /* AFURLRequestSerialization.h */ = {isa = PBXFileReference; fileEncoding = 4; lastKnownFileType = sourcecode.c.h; name = AFURLRequestSerialization.h; path = OpenSource/AFNetworking/AFURLRequestSerialization.h; sourceTree = "<group>"; };
		842473C71DD1A30C007B4D44 /* AFURLRequestSerialization.m */ = {isa = PBXFileReference; fileEncoding = 4; lastKnownFileType = sourcecode.c.objc; name = AFURLRequestSerialization.m; path = OpenSource/AFNetworking/AFURLRequestSerialization.m; sourceTree = "<group>"; };
		842473C81DD1A30C007B4D44 /* AFURLResponseSerialization.h */ = {isa = PBXFileReference; fileEncoding = 4; lastKnownFileType = sourcecode.c.h; name = AFURLResponseSerialization.h; path = OpenSource/AFNetworking/AFURLResponseSerialization.h; sourceTree = "<group>"; };
		842473C91DD1A30C007B4D44 /* AFURLResponseSerialization.m */ = {isa = PBXFileReference; fileEncoding = 4; lastKnownFileType = sourcecode.c.objc; name = AFURLResponseSerialization.m; path = OpenSource/AFNetworking/AFURLResponseSerialization.m; sourceTree = "<group>"; };
		842473CA1DD1A30C007B4D44 /* AFURLSessionManager.h */ = {isa = PBXFileReference; fileEncoding = 4; lastKnownFileType = sourcecode.c.h; name = AFURLSessionManager.h; path = OpenSource/AFNetworking/AFURLSessionManager.h; sourceTree = "<group>"; };
		842473CB1DD1A30C007B4D44 /* AFURLSessionManager.m */ = {isa = PBXFileReference; fileEncoding = 4; lastKnownFileType = sourcecode.c.objc; name = AFURLSessionManager.m; path = OpenSource/AFNetworking/AFURLSessionManager.m; sourceTree = "<group>"; };
		842473E41DD1D1B5007B4D44 /* PlayerView.h */ = {isa = PBXFileReference; fileEncoding = 4; lastKnownFileType = sourcecode.c.h; name = PlayerView.h; path = CustomView/PlayerView.h; sourceTree = "<group>"; };
		842473E51DD1D1B5007B4D44 /* PlayerView.m */ = {isa = PBXFileReference; fileEncoding = 4; lastKnownFileType = sourcecode.c.objc; name = PlayerView.m; path = CustomView/PlayerView.m; sourceTree = "<group>"; };
		842473EC1DD1E58C007B4D44 /* PlayerController.h */ = {isa = PBXFileReference; fileEncoding = 4; lastKnownFileType = sourcecode.c.h; name = PlayerController.h; path = Player/PlayerController.h; sourceTree = "<group>"; };
		842473ED1DD1E58C007B4D44 /* PlayerController.m */ = {isa = PBXFileReference; fileEncoding = 4; lastKnownFileType = sourcecode.c.objc; name = PlayerController.m; path = Player/PlayerController.m; sourceTree = "<group>"; };
		842473EE1DD1E58C007B4D44 /* PlayerController.xib */ = {isa = PBXFileReference; fileEncoding = 4; lastKnownFileType = file.xib; name = PlayerController.xib; path = Player/PlayerController.xib; sourceTree = "<group>"; };
		842473F21DD2C360007B4D44 /* WebAPI.h */ = {isa = PBXFileReference; fileEncoding = 4; lastKnownFileType = sourcecode.c.h; name = WebAPI.h; path = Network/WebAPI.h; sourceTree = "<group>"; };
		842473F31DD2C360007B4D44 /* WebAPI.m */ = {isa = PBXFileReference; fileEncoding = 4; lastKnownFileType = sourcecode.c.objc; name = WebAPI.m; path = Network/WebAPI.m; sourceTree = "<group>"; };
		842473F61DD40CB0007B4D44 /* PlayListHelper.h */ = {isa = PBXFileReference; fileEncoding = 4; lastKnownFileType = sourcecode.c.h; name = PlayListHelper.h; path = Player/PlayListHelper.h; sourceTree = "<group>"; };
		842473F71DD40CB0007B4D44 /* PlayListHelper.m */ = {isa = PBXFileReference; fileEncoding = 4; lastKnownFileType = sourcecode.c.objc; name = PlayListHelper.m; path = Player/PlayListHelper.m; sourceTree = "<group>"; };
		842473F91DD40FA3007B4D44 /* WebAPIResponseModels.h */ = {isa = PBXFileReference; fileEncoding = 4; lastKnownFileType = sourcecode.c.h; name = WebAPIResponseModels.h; path = Network/WebAPIResponseModels.h; sourceTree = "<group>"; };
		842473FA1DD40FA3007B4D44 /* WebAPIResponseModels.m */ = {isa = PBXFileReference; fileEncoding = 4; lastKnownFileType = sourcecode.c.objc; name = WebAPIResponseModels.m; path = Network/WebAPIResponseModels.m; sourceTree = "<group>"; };
		842473FC1DD444D0007B4D44 /* UploadController.h */ = {isa = PBXFileReference; fileEncoding = 4; lastKnownFileType = sourcecode.c.h; name = UploadController.h; path = Controller/UploadController.h; sourceTree = "<group>"; };
		842473FD1DD444D0007B4D44 /* UploadController.m */ = {isa = PBXFileReference; fileEncoding = 4; lastKnownFileType = sourcecode.c.objc; name = UploadController.m; path = Controller/UploadController.m; sourceTree = "<group>"; };
		842473FE1DD444D0007B4D44 /* UploadController.xib */ = {isa = PBXFileReference; fileEncoding = 4; lastKnownFileType = file.xib; name = UploadController.xib; path = Controller/UploadController.xib; sourceTree = "<group>"; };
		842474071DD49907007B4D44 /* JGCycleProgressView.h */ = {isa = PBXFileReference; fileEncoding = 4; lastKnownFileType = sourcecode.c.h; name = JGCycleProgressView.h; path = CustomView/JGCycleProgressView.h; sourceTree = "<group>"; };
		842474081DD49907007B4D44 /* JGCycleProgressView.m */ = {isa = PBXFileReference; fileEncoding = 4; lastKnownFileType = sourcecode.c.objc; name = JGCycleProgressView.m; path = CustomView/JGCycleProgressView.m; sourceTree = "<group>"; };
		842474101DD5C677007B4D44 /* MBProgressHUD.h */ = {isa = PBXFileReference; fileEncoding = 4; lastKnownFileType = sourcecode.c.h; name = MBProgressHUD.h; path = OpenSource/MBProgressHUD/MBProgressHUD.h; sourceTree = "<group>"; };
		842474111DD5C677007B4D44 /* MBProgressHUD.m */ = {isa = PBXFileReference; fileEncoding = 4; lastKnownFileType = sourcecode.c.objc; name = MBProgressHUD.m; path = OpenSource/MBProgressHUD/MBProgressHUD.m; sourceTree = "<group>"; };
		84FEF3FB1DDEE47C008D4EDD /* JGPlayerControlPanel.h */ = {isa = PBXFileReference; fileEncoding = 4; lastKnownFileType = sourcecode.c.h; name = JGPlayerControlPanel.h; path = CustomView/JGPlayerControlPanel.h; sourceTree = "<group>"; };
		84FEF3FC1DDEE47C008D4EDD /* JGPlayerControlPanel.m */ = {isa = PBXFileReference; fileEncoding = 4; lastKnownFileType = sourcecode.c.objc; name = JGPlayerControlPanel.m; path = CustomView/JGPlayerControlPanel.m; sourceTree = "<group>"; };
		84FEF3FD1DDEE47C008D4EDD /* JGPlayerControlPanel.xib */ = {isa = PBXFileReference; fileEncoding = 4; lastKnownFileType = file.xib; name = JGPlayerControlPanel.xib; path = CustomView/JGPlayerControlPanel.xib; sourceTree = "<group>"; };
/* End PBXFileReference section */

/* Begin PBXFrameworksBuildPhase section */
		842472DF1DCC7FA0007B4D44 /* Frameworks */ = {
			isa = PBXFrameworksBuildPhase;
			buildActionMask = 2147483647;
			files = (
				4B239C721DFAB75800D01B55 /* MediaStreamerFramework.framework in Frameworks */,
				4B239C701DFAB75800D01B55 /* MediaPlayerFramework.framework in Frameworks */,
				4B239C6F1DFAAA0500D01B55 /* PPYLiveKit.framework in Frameworks */,
			);
			runOnlyForDeploymentPostprocessing = 0;
		};
/* End PBXFrameworksBuildPhase section */

/* Begin PBXGroup section */
		4B02DF311E010D8F00DE345F /* Category */ = {
			isa = PBXGroup;
			children = (
				4B02DF321E010D8F00DE345F /* NSArray+ObjectAtIndexWithBoundsCheck.h */,
				4B02DF331E010D8F00DE345F /* NSArray+ObjectAtIndexWithBoundsCheck.m */,
				4B02DF341E010D8F00DE345F /* SafeValue */,
				4B02DF401E010D8F00DE345F /* UIColor+BZHex.h */,
				4B02DF411E010D8F00DE345F /* UIColor+BZHex.m */,
			);
			path = Category;
			sourceTree = "<group>";
		};
		4B02DF341E010D8F00DE345F /* SafeValue */ = {
			isa = PBXGroup;
			children = (
				4B02DF351E010D8F00DE345F /* NSArray+SafeValue.h */,
				4B02DF361E010D8F00DE345F /* NSArray+SafeValue.m */,
				4B02DF371E010D8F00DE345F /* NSArray+StringValue.h */,
				4B02DF381E010D8F00DE345F /* NSArray+StringValue.m */,
				4B02DF391E010D8F00DE345F /* NSDictionary+SafeValue.h */,
				4B02DF3A1E010D8F00DE345F /* NSDictionary+SafeValue.m */,
				4B02DF3B1E010D8F00DE345F /* NSDictionary+StringValue.h */,
				4B02DF3C1E010D8F00DE345F /* NSDictionary+StringValue.m */,
				4B02DF3D1E010D8F00DE345F /* NSObject+SafeValueWithJSON.h */,
				4B02DF3E1E010D8F00DE345F /* NSObject+SafeValueWithJSON.m */,
				4B02DF3F1E010D8F00DE345F /* PPObjectSafe.h */,
			);
			path = SafeValue;
			sourceTree = "<group>";
		};
		4B239C691DFAAA0500D01B55 /* CoreLib */ = {
			isa = PBXGroup;
			children = (
				4B239C6A1DFAAA0500D01B55 /* MediaPlayerFramework.framework */,
				4B239C6B1DFAAA0500D01B55 /* MediaStreamerFramework.framework */,
				4B239C6C1DFAAA0500D01B55 /* PPYLiveKit.framework */,
			);
			path = CoreLib;
			sourceTree = "<group>";
		};
		842472D91DCC7FA0007B4D44 = {
			isa = PBXGroup;
			children = (
				4B239C691DFAAA0500D01B55 /* CoreLib */,
				842472E41DCC7FA0007B4D44 /* PPYShortVideo */,
				842472E31DCC7FA0007B4D44 /* Products */,
			);
			sourceTree = "<group>";
		};
		842472E31DCC7FA0007B4D44 /* Products */ = {
			isa = PBXGroup;
			children = (
				842472E21DCC7FA0007B4D44 /* PPYShortVideo.app */,
			);
			name = Products;
			sourceTree = "<group>";
		};
		842472E41DCC7FA0007B4D44 /* PPYShortVideo */ = {
			isa = PBXGroup;
			children = (
				842472E81DCC7FA0007B4D44 /* AppDelegate.h */,
				842472E91DCC7FA0007B4D44 /* AppDelegate.m */,
				4B02DF311E010D8F00DE345F /* Category */,
				842473F11DD2C315007B4D44 /* 网络 */,
				842473691DD09494007B4D44 /* OpenSource */,
				842473281DD04FEC007B4D44 /* CustomView */,
				842473011DCC8104007B4D44 /* Controllers */,
				842472E51DCC7FA0007B4D44 /* Supporting Files */,
			);
			path = PPYShortVideo;
			sourceTree = "<group>";
		};
		842472E51DCC7FA0007B4D44 /* Supporting Files */ = {
			isa = PBXGroup;
			children = (
				842472F11DCC7FA0007B4D44 /* Assets.xcassets */,
				842472F31DCC7FA0007B4D44 /* LaunchScreen.storyboard */,
				842472F61DCC7FA0007B4D44 /* Info.plist */,
				842472E61DCC7FA0007B4D44 /* main.m */,
			);
			name = "Supporting Files";
			sourceTree = "<group>";
		};
		842473011DCC8104007B4D44 /* Controllers */ = {
			isa = PBXGroup;
			children = (
				842473E31DD1CD05007B4D44 /* 播放 */,
				8424739E1DD19FAF007B4D44 /* 播放列表 */,
				842473121DD0310D007B4D44 /* 录制 */,
				842474011DD444D9007B4D44 /* 上传 */,
				842473031DD01B9B007B4D44 /* 首页 */,
			);
			name = Controllers;
			sourceTree = "<group>";
		};
		842473031DD01B9B007B4D44 /* 首页 */ = {
			isa = PBXGroup;
			children = (
				842472FC1DCC80FA007B4D44 /* mainViewController.h */,
				842472FD1DCC80FA007B4D44 /* mainViewController.m */,
				842472FE1DCC80FA007B4D44 /* mainViewController.xib */,
			);
			name = "首页";
			sourceTree = "<group>";
		};
		842473121DD0310D007B4D44 /* 录制 */ = {
			isa = PBXGroup;
			children = (
				8424730D1DD03102007B4D44 /* RecordController.h */,
				8424730E1DD03102007B4D44 /* RecordController.m */,
				8424730F1DD03102007B4D44 /* RecordController.xib */,
			);
			name = "录制";
			sourceTree = "<group>";
		};
		842473281DD04FEC007B4D44 /* CustomView */ = {
			isa = PBXGroup;
			children = (
				842473E41DD1D1B5007B4D44 /* PlayerView.h */,
				842473E51DD1D1B5007B4D44 /* PlayerView.m */,
				842473251DD04FDB007B4D44 /* CaptureView.h */,
				842473261DD04FDB007B4D44 /* CaptureView.m */,
				84FEF3FB1DDEE47C008D4EDD /* JGPlayerControlPanel.h */,
				84FEF3FC1DDEE47C008D4EDD /* JGPlayerControlPanel.m */,
				84FEF3FD1DDEE47C008D4EDD /* JGPlayerControlPanel.xib */,
				842474071DD49907007B4D44 /* JGCycleProgressView.h */,
				842474081DD49907007B4D44 /* JGCycleProgressView.m */,
				4B02DE981E00EE8000DE345F /* PPProgressView.h */,
				4B02DE991E00EE8000DE345F /* PPProgressView.m */,
			);
			name = CustomView;
			sourceTree = "<group>";
		};
		842473691DD09494007B4D44 /* OpenSource */ = {
			isa = PBXGroup;
			children = (
				8424740F1DD5C660007B4D44 /* MBProgressHUD */,
				842473BE1DD1A301007B4D44 /* AFNetworking */,
				842473B61DD1A2EC007B4D44 /* SVPullToRefresh */,
				842473AE1DD1A2CE007B4D44 /* YYModel */,
				8424736A1DD0949B007B4D44 /* Masonry */,
			);
			name = OpenSource;
			sourceTree = "<group>";
		};
		8424736A1DD0949B007B4D44 /* Masonry */ = {
			isa = PBXGroup;
			children = (
				8424736B1DD094BE007B4D44 /* MASCompositeConstraint.h */,
				8424736C1DD094BE007B4D44 /* MASCompositeConstraint.m */,
				8424736D1DD094BE007B4D44 /* MASConstraint.h */,
				8424736E1DD094BE007B4D44 /* MASConstraint.m */,
				8424736F1DD094BE007B4D44 /* MASConstraint+Private.h */,
				842473701DD094BE007B4D44 /* MASConstraintMaker.h */,
				842473711DD094BE007B4D44 /* MASConstraintMaker.m */,
				842473721DD094BE007B4D44 /* MASLayoutConstraint.h */,
				842473731DD094BE007B4D44 /* MASLayoutConstraint.m */,
				842473741DD094BE007B4D44 /* Masonry.h */,
				842473751DD094BE007B4D44 /* MASUtilities.h */,
				842473761DD094BE007B4D44 /* MASViewAttribute.h */,
				842473771DD094BE007B4D44 /* MASViewAttribute.m */,
				842473781DD094BE007B4D44 /* MASViewConstraint.h */,
				842473791DD094BE007B4D44 /* MASViewConstraint.m */,
				8424737A1DD094BE007B4D44 /* NSArray+MASAdditions.h */,
				8424737B1DD094BE007B4D44 /* NSArray+MASAdditions.m */,
				8424737C1DD094BE007B4D44 /* NSArray+MASShorthandAdditions.h */,
				8424737D1DD094BE007B4D44 /* NSLayoutConstraint+MASDebugAdditions.h */,
				8424737E1DD094BE007B4D44 /* NSLayoutConstraint+MASDebugAdditions.m */,
				8424737F1DD094BE007B4D44 /* View+MASAdditions.h */,
				842473801DD094BE007B4D44 /* View+MASAdditions.m */,
				842473811DD094BE007B4D44 /* View+MASShorthandAdditions.h */,
				842473821DD094BE007B4D44 /* ViewController+MASAdditions.h */,
				842473831DD094BE007B4D44 /* ViewController+MASAdditions.m */,
			);
			name = Masonry;
			sourceTree = "<group>";
		};
		8424739E1DD19FAF007B4D44 /* 播放列表 */ = {
			isa = PBXGroup;
			children = (
				842473A91DD1A27F007B4D44 /* FlowCell.h */,
				842473AA1DD1A27F007B4D44 /* FlowCell.m */,
				842473AB1DD1A27F007B4D44 /* FlowCell.xib */,
				842473A41DD1A181007B4D44 /* PlayListController.h */,
				842473A51DD1A181007B4D44 /* PlayListController.m */,
				842473A61DD1A181007B4D44 /* PlayListController.xib */,
				842473F61DD40CB0007B4D44 /* PlayListHelper.h */,
				842473F71DD40CB0007B4D44 /* PlayListHelper.m */,
			);
			name = "播放列表";
			sourceTree = "<group>";
		};
		842473AE1DD1A2CE007B4D44 /* YYModel */ = {
			isa = PBXGroup;
			children = (
				842473AF1DD1A2E6007B4D44 /* NSObject+YYModel.h */,
				842473B01DD1A2E6007B4D44 /* NSObject+YYModel.m */,
				842473B11DD1A2E6007B4D44 /* YYClassInfo.h */,
				842473B21DD1A2E6007B4D44 /* YYClassInfo.m */,
				842473B31DD1A2E6007B4D44 /* YYModel.h */,
			);
			name = YYModel;
			sourceTree = "<group>";
		};
		842473B61DD1A2EC007B4D44 /* SVPullToRefresh */ = {
			isa = PBXGroup;
			children = (
				842473B71DD1A2FC007B4D44 /* SVPullToRefresh.h */,
				842473B81DD1A2FC007B4D44 /* UIScrollView+SVInfiniteScrolling.h */,
				842473B91DD1A2FC007B4D44 /* UIScrollView+SVInfiniteScrolling.m */,
				842473BA1DD1A2FC007B4D44 /* UIScrollView+SVPullToRefresh.h */,
				842473BB1DD1A2FC007B4D44 /* UIScrollView+SVPullToRefresh.m */,
			);
			name = SVPullToRefresh;
			sourceTree = "<group>";
		};
		842473BE1DD1A301007B4D44 /* AFNetworking */ = {
			isa = PBXGroup;
			children = (
				842473BF1DD1A30C007B4D44 /* AFHTTPSessionManager.h */,
				842473C01DD1A30C007B4D44 /* AFHTTPSessionManager.m */,
				842473C11DD1A30C007B4D44 /* AFNetworking.h */,
				842473C21DD1A30C007B4D44 /* AFNetworkReachabilityManager.h */,
				842473C31DD1A30C007B4D44 /* AFNetworkReachabilityManager.m */,
				842473C41DD1A30C007B4D44 /* AFSecurityPolicy.h */,
				842473C51DD1A30C007B4D44 /* AFSecurityPolicy.m */,
				842473C61DD1A30C007B4D44 /* AFURLRequestSerialization.h */,
				842473C71DD1A30C007B4D44 /* AFURLRequestSerialization.m */,
				842473C81DD1A30C007B4D44 /* AFURLResponseSerialization.h */,
				842473C91DD1A30C007B4D44 /* AFURLResponseSerialization.m */,
				842473CA1DD1A30C007B4D44 /* AFURLSessionManager.h */,
				842473CB1DD1A30C007B4D44 /* AFURLSessionManager.m */,
			);
			name = AFNetworking;
			sourceTree = "<group>";
		};
		842473E31DD1CD05007B4D44 /* 播放 */ = {
			isa = PBXGroup;
			children = (
				842473EC1DD1E58C007B4D44 /* PlayerController.h */,
				842473ED1DD1E58C007B4D44 /* PlayerController.m */,
				842473EE1DD1E58C007B4D44 /* PlayerController.xib */,
			);
			name = "播放";
			sourceTree = "<group>";
		};
		842473F11DD2C315007B4D44 /* 网络 */ = {
			isa = PBXGroup;
			children = (
				842473F51DD33CA5007B4D44 /* Model */,
				842473F21DD2C360007B4D44 /* WebAPI.h */,
				842473F31DD2C360007B4D44 /* WebAPI.m */,
			);
			name = "网络";
			sourceTree = "<group>";
		};
		842473F51DD33CA5007B4D44 /* Model */ = {
			isa = PBXGroup;
			children = (
				842473F91DD40FA3007B4D44 /* WebAPIResponseModels.h */,
				842473FA1DD40FA3007B4D44 /* WebAPIResponseModels.m */,
			);
			name = Model;
			sourceTree = "<group>";
		};
		842474011DD444D9007B4D44 /* 上传 */ = {
			isa = PBXGroup;
			children = (
				842473FC1DD444D0007B4D44 /* UploadController.h */,
				842473FD1DD444D0007B4D44 /* UploadController.m */,
				842473FE1DD444D0007B4D44 /* UploadController.xib */,
			);
			name = "上传";
			sourceTree = "<group>";
		};
		8424740F1DD5C660007B4D44 /* MBProgressHUD */ = {
			isa = PBXGroup;
			children = (
				842474101DD5C677007B4D44 /* MBProgressHUD.h */,
				842474111DD5C677007B4D44 /* MBProgressHUD.m */,
			);
			name = MBProgressHUD;
			sourceTree = "<group>";
		};
/* End PBXGroup section */

/* Begin PBXNativeTarget section */
		842472E11DCC7FA0007B4D44 /* PPYShortVideo */ = {
			isa = PBXNativeTarget;
			buildConfigurationList = 842472F91DCC7FA0007B4D44 /* Build configuration list for PBXNativeTarget "PPYShortVideo" */;
			buildPhases = (
				842472DE1DCC7FA0007B4D44 /* Sources */,
				842472DF1DCC7FA0007B4D44 /* Frameworks */,
				842472E01DCC7FA0007B4D44 /* Resources */,
				842473241DD04D83007B4D44 /* Embed Frameworks */,
			);
			buildRules = (
			);
			dependencies = (
			);
			name = PPYShortVideo;
			productName = PPYShortVideo;
			productReference = 842472E21DCC7FA0007B4D44 /* PPYShortVideo.app */;
			productType = "com.apple.product-type.application";
		};
/* End PBXNativeTarget section */

/* Begin PBXProject section */
		842472DA1DCC7FA0007B4D44 /* Project object */ = {
			isa = PBXProject;
			attributes = {
				LastUpgradeCheck = 0810;
				ORGANIZATIONNAME = PPTV;
				TargetAttributes = {
					842472E11DCC7FA0007B4D44 = {
						CreatedOnToolsVersion = 8.0;
						DevelopmentTeam = 3U62SP5YP3;
						ProvisioningStyle = Automatic;
					};
				};
			};
			buildConfigurationList = 842472DD1DCC7FA0007B4D44 /* Build configuration list for PBXProject "PPYShortVideo" */;
			compatibilityVersion = "Xcode 3.2";
			developmentRegion = English;
			hasScannedForEncodings = 0;
			knownRegions = (
				en,
				Base,
			);
			mainGroup = 842472D91DCC7FA0007B4D44;
			productRefGroup = 842472E31DCC7FA0007B4D44 /* Products */;
			projectDirPath = "";
			projectRoot = "";
			targets = (
				842472E11DCC7FA0007B4D44 /* PPYShortVideo */,
			);
		};
/* End PBXProject section */

/* Begin PBXResourcesBuildPhase section */
		842472E01DCC7FA0007B4D44 /* Resources */ = {
			isa = PBXResourcesBuildPhase;
			buildActionMask = 2147483647;
			files = (
				4BD0AA1B1DFFEF330063D2E9 /* Assets.xcassets in Resources */,
				842473A81DD1A181007B4D44 /* PlayListController.xib in Resources */,
				842472F51DCC7FA0007B4D44 /* LaunchScreen.storyboard in Resources */,
				842474001DD444D0007B4D44 /* UploadController.xib in Resources */,
				842473AD1DD1A27F007B4D44 /* FlowCell.xib in Resources */,
				84FEF3FF1DDEE47C008D4EDD /* JGPlayerControlPanel.xib in Resources */,
				842473F01DD1E58C007B4D44 /* PlayerController.xib in Resources */,
				842473111DD03102007B4D44 /* RecordController.xib in Resources */,
				842473001DCC80FA007B4D44 /* mainViewController.xib in Resources */,
			);
			runOnlyForDeploymentPostprocessing = 0;
		};
/* End PBXResourcesBuildPhase section */

/* Begin PBXSourcesBuildPhase section */
		842472DE1DCC7FA0007B4D44 /* Sources */ = {
			isa = PBXSourcesBuildPhase;
			buildActionMask = 2147483647;
			files = (
				8424738B1DD094BE007B4D44 /* NSLayoutConstraint+MASDebugAdditions.m in Sources */,
				4B02DF461E010D8F00DE345F /* NSDictionary+StringValue.m in Sources */,
				842472FF1DCC80FA007B4D44 /* mainViewController.m in Sources */,
				4B02DF481E010D8F00DE345F /* UIColor+BZHex.m in Sources */,
				842473891DD094BE007B4D44 /* MASViewConstraint.m in Sources */,
				842472EA1DCC7FA0007B4D44 /* AppDelegate.m in Sources */,
				842473CE1DD1A30C007B4D44 /* AFSecurityPolicy.m in Sources */,
				842473BC1DD1A2FC007B4D44 /* UIScrollView+SVInfiniteScrolling.m in Sources */,
				842473CC1DD1A30C007B4D44 /* AFHTTPSessionManager.m in Sources */,
				4B02DF431E010D8F00DE345F /* NSArray+SafeValue.m in Sources */,
				842473271DD04FDB007B4D44 /* CaptureView.m in Sources */,
				4B02DF451E010D8F00DE345F /* NSDictionary+SafeValue.m in Sources */,
				842473A71DD1A181007B4D44 /* PlayListController.m in Sources */,
				842474091DD49907007B4D44 /* JGCycleProgressView.m in Sources */,
				842473101DD03102007B4D44 /* RecordController.m in Sources */,
				8424738C1DD094BE007B4D44 /* View+MASAdditions.m in Sources */,
				4B02DF471E010D8F00DE345F /* NSObject+SafeValueWithJSON.m in Sources */,
				84FEF3FE1DDEE47C008D4EDD /* JGPlayerControlPanel.m in Sources */,
				842473AC1DD1A27F007B4D44 /* FlowCell.m in Sources */,
				4B02DF441E010D8F00DE345F /* NSArray+StringValue.m in Sources */,
				842473FF1DD444D0007B4D44 /* UploadController.m in Sources */,
				4B02DF421E010D8F00DE345F /* NSArray+ObjectAtIndexWithBoundsCheck.m in Sources */,
				842473B41DD1A2E6007B4D44 /* NSObject+YYModel.m in Sources */,
				842473841DD094BE007B4D44 /* MASCompositeConstraint.m in Sources */,
				842473F81DD40CB0007B4D44 /* PlayListHelper.m in Sources */,
				842473881DD094BE007B4D44 /* MASViewAttribute.m in Sources */,
				842473F41DD2C360007B4D44 /* WebAPI.m in Sources */,
				842473E61DD1D1B5007B4D44 /* PlayerView.m in Sources */,
				842473861DD094BE007B4D44 /* MASConstraintMaker.m in Sources */,
				842473B51DD1A2E6007B4D44 /* YYClassInfo.m in Sources */,
				842473CF1DD1A30C007B4D44 /* AFURLRequestSerialization.m in Sources */,
				4B02DE9A1E00EE8000DE345F /* PPProgressView.m in Sources */,
				842473D11DD1A30C007B4D44 /* AFURLSessionManager.m in Sources */,
				842473D01DD1A30C007B4D44 /* AFURLResponseSerialization.m in Sources */,
				842473CD1DD1A30C007B4D44 /* AFNetworkReachabilityManager.m in Sources */,
				8424738A1DD094BE007B4D44 /* NSArray+MASAdditions.m in Sources */,
				842474121DD5C678007B4D44 /* MBProgressHUD.m in Sources */,
				8424738D1DD094BE007B4D44 /* ViewController+MASAdditions.m in Sources */,
				842473BD1DD1A2FC007B4D44 /* UIScrollView+SVPullToRefresh.m in Sources */,
				842473851DD094BE007B4D44 /* MASConstraint.m in Sources */,
				842473FB1DD40FA3007B4D44 /* WebAPIResponseModels.m in Sources */,
				842473871DD094BE007B4D44 /* MASLayoutConstraint.m in Sources */,
				842473EF1DD1E58C007B4D44 /* PlayerController.m in Sources */,
				842472E71DCC7FA0007B4D44 /* main.m in Sources */,
			);
			runOnlyForDeploymentPostprocessing = 0;
		};
/* End PBXSourcesBuildPhase section */

/* Begin PBXVariantGroup section */
		842472F31DCC7FA0007B4D44 /* LaunchScreen.storyboard */ = {
			isa = PBXVariantGroup;
			children = (
				842472F41DCC7FA0007B4D44 /* Base */,
			);
			name = LaunchScreen.storyboard;
			sourceTree = "<group>";
		};
/* End PBXVariantGroup section */

/* Begin XCBuildConfiguration section */
		842472F71DCC7FA0007B4D44 /* Debug */ = {
			isa = XCBuildConfiguration;
			buildSettings = {
				ALWAYS_SEARCH_USER_PATHS = NO;
				CLANG_ANALYZER_NONNULL = YES;
				CLANG_CXX_LANGUAGE_STANDARD = "gnu++0x";
				CLANG_CXX_LIBRARY = "libc++";
				CLANG_ENABLE_MODULES = YES;
				CLANG_ENABLE_OBJC_ARC = YES;
				CLANG_WARN_BOOL_CONVERSION = YES;
				CLANG_WARN_CONSTANT_CONVERSION = YES;
				CLANG_WARN_DIRECT_OBJC_ISA_USAGE = YES_ERROR;
				CLANG_WARN_DOCUMENTATION_COMMENTS = YES;
				CLANG_WARN_EMPTY_BODY = YES;
				CLANG_WARN_ENUM_CONVERSION = YES;
				CLANG_WARN_INFINITE_RECURSION = YES;
				CLANG_WARN_INT_CONVERSION = YES;
				CLANG_WARN_OBJC_ROOT_CLASS = YES_ERROR;
				CLANG_WARN_SUSPICIOUS_MOVE = YES;
				CLANG_WARN_SUSPICIOUS_MOVES = YES;
				CLANG_WARN_UNREACHABLE_CODE = YES;
				CLANG_WARN__DUPLICATE_METHOD_MATCH = YES;
				"CODE_SIGN_IDENTITY[sdk=iphoneos*]" = "iPhone Developer";
				COPY_PHASE_STRIP = NO;
				DEBUG_INFORMATION_FORMAT = dwarf;
				ENABLE_STRICT_OBJC_MSGSEND = YES;
				ENABLE_TESTABILITY = YES;
				GCC_C_LANGUAGE_STANDARD = gnu99;
				GCC_DYNAMIC_NO_PIC = NO;
				GCC_NO_COMMON_BLOCKS = YES;
				GCC_OPTIMIZATION_LEVEL = 0;
				GCC_PREPROCESSOR_DEFINITIONS = (
					"DEBUG=1",
					"$(inherited)",
				);
				GCC_WARN_64_TO_32_BIT_CONVERSION = YES;
				GCC_WARN_ABOUT_RETURN_TYPE = YES_ERROR;
				GCC_WARN_UNDECLARED_SELECTOR = YES;
				GCC_WARN_UNINITIALIZED_AUTOS = YES_AGGRESSIVE;
				GCC_WARN_UNUSED_FUNCTION = YES;
				GCC_WARN_UNUSED_VARIABLE = YES;
				IPHONEOS_DEPLOYMENT_TARGET = 10.0;
				MTL_ENABLE_DEBUG_INFO = YES;
				ONLY_ACTIVE_ARCH = YES;
				SDKROOT = iphoneos;
			};
			name = Debug;
		};
		842472F81DCC7FA0007B4D44 /* Release */ = {
			isa = XCBuildConfiguration;
			buildSettings = {
				ALWAYS_SEARCH_USER_PATHS = NO;
				CLANG_ANALYZER_NONNULL = YES;
				CLANG_CXX_LANGUAGE_STANDARD = "gnu++0x";
				CLANG_CXX_LIBRARY = "libc++";
				CLANG_ENABLE_MODULES = YES;
				CLANG_ENABLE_OBJC_ARC = YES;
				CLANG_WARN_BOOL_CONVERSION = YES;
				CLANG_WARN_CONSTANT_CONVERSION = YES;
				CLANG_WARN_DIRECT_OBJC_ISA_USAGE = YES_ERROR;
				CLANG_WARN_DOCUMENTATION_COMMENTS = YES;
				CLANG_WARN_EMPTY_BODY = YES;
				CLANG_WARN_ENUM_CONVERSION = YES;
				CLANG_WARN_INFINITE_RECURSION = YES;
				CLANG_WARN_INT_CONVERSION = YES;
				CLANG_WARN_OBJC_ROOT_CLASS = YES_ERROR;
				CLANG_WARN_SUSPICIOUS_MOVE = YES;
				CLANG_WARN_SUSPICIOUS_MOVES = YES;
				CLANG_WARN_UNREACHABLE_CODE = YES;
				CLANG_WARN__DUPLICATE_METHOD_MATCH = YES;
				"CODE_SIGN_IDENTITY[sdk=iphoneos*]" = "iPhone Developer";
				COPY_PHASE_STRIP = NO;
				DEBUG_INFORMATION_FORMAT = "dwarf-with-dsym";
				ENABLE_NS_ASSERTIONS = NO;
				ENABLE_STRICT_OBJC_MSGSEND = YES;
				GCC_C_LANGUAGE_STANDARD = gnu99;
				GCC_NO_COMMON_BLOCKS = YES;
				GCC_WARN_64_TO_32_BIT_CONVERSION = YES;
				GCC_WARN_ABOUT_RETURN_TYPE = YES_ERROR;
				GCC_WARN_UNDECLARED_SELECTOR = YES;
				GCC_WARN_UNINITIALIZED_AUTOS = YES_AGGRESSIVE;
				GCC_WARN_UNUSED_FUNCTION = YES;
				GCC_WARN_UNUSED_VARIABLE = YES;
				IPHONEOS_DEPLOYMENT_TARGET = 10.0;
				MTL_ENABLE_DEBUG_INFO = NO;
				SDKROOT = iphoneos;
				VALIDATE_PRODUCT = YES;
			};
			name = Release;
		};
		842472FA1DCC7FA0007B4D44 /* Debug */ = {
			isa = XCBuildConfiguration;
			buildSettings = {
				ASSETCATALOG_COMPILER_APPICON_NAME = AppIcon;
				CODE_SIGN_IDENTITY = "iPhone Developer";
				"CODE_SIGN_IDENTITY[sdk=iphoneos*]" = "iPhone Developer";
				DEVELOPMENT_TEAM = 3U62SP5YP3;
				FRAMEWORK_SEARCH_PATHS = (
					"$(inherited)",
					"$(PROJECT_DIR)/CoreLib",
				);
				INFOPLIST_FILE = PPYShortVideo/Info.plist;
				IPHONEOS_DEPLOYMENT_TARGET = 8.0;
				LD_RUNPATH_SEARCH_PATHS = "$(inherited) @executable_path/Frameworks";
				PRODUCT_BUNDLE_IDENTIFIER = com.pptv.uploadDemo.PPYShortVideo;
				PRODUCT_NAME = "$(TARGET_NAME)";
				PROVISIONING_PROFILE = "";
				PROVISIONING_PROFILE_SPECIFIER = "";
			};
			name = Debug;
		};
		842472FB1DCC7FA0007B4D44 /* Release */ = {
			isa = XCBuildConfiguration;
			buildSettings = {
				ASSETCATALOG_COMPILER_APPICON_NAME = AppIcon;
				CODE_SIGN_IDENTITY = "iPhone Developer";
				"CODE_SIGN_IDENTITY[sdk=iphoneos*]" = "iPhone Developer";
				DEVELOPMENT_TEAM = 3U62SP5YP3;
				FRAMEWORK_SEARCH_PATHS = (
					"$(inherited)",
					"$(PROJECT_DIR)/CoreLib",
				);
				INFOPLIST_FILE = PPYShortVideo/Info.plist;
				IPHONEOS_DEPLOYMENT_TARGET = 8.0;
				LD_RUNPATH_SEARCH_PATHS = "$(inherited) @executable_path/Frameworks";
				PRODUCT_BUNDLE_IDENTIFIER = com.pptv.uploadDemo.PPYShortVideo;
				PRODUCT_NAME = "$(TARGET_NAME)";
				PROVISIONING_PROFILE = "";
				PROVISIONING_PROFILE_SPECIFIER = "";
			};
			name = Release;
		};
/* End XCBuildConfiguration section */

/* Begin XCConfigurationList section */
		842472DD1DCC7FA0007B4D44 /* Build configuration list for PBXProject "PPYShortVideo" */ = {
			isa = XCConfigurationList;
			buildConfigurations = (
				842472F71DCC7FA0007B4D44 /* Debug */,
				842472F81DCC7FA0007B4D44 /* Release */,
			);
			defaultConfigurationIsVisible = 0;
			defaultConfigurationName = Release;
		};
		842472F91DCC7FA0007B4D44 /* Build configuration list for PBXNativeTarget "PPYShortVideo" */ = {
			isa = XCConfigurationList;
			buildConfigurations = (
				842472FA1DCC7FA0007B4D44 /* Debug */,
				842472FB1DCC7FA0007B4D44 /* Release */,
			);
			defaultConfigurationIsVisible = 0;
			defaultConfigurationName = Release;
		};
/* End XCConfigurationList section */
	};
	rootObject = 842472DA1DCC7FA0007B4D44 /* Project object */;
}
