// !$*UTF8*$!
{
	archiveVersion = 1;
	classes = {
	};
	objectVersion = 46;
	objects = {

/* Begin PBXBuildFile section */
		4B02DF421E010D8F00DE345F /* NSArray+ObjectAtIndexWithBoundsCheck.m in Sources */ = {isa = PBXBuildFile; fileRef = 4B02DF331E010D8F00DE345F /* NSArray+ObjectAtIndexWithBoundsCheck.m */; };
		4B02DF431E010D8F00DE345F /* NSArray+SafeValue.m in Sources */ = {isa = PBXBuildFile; fileRef = 4B02DF361E010D8F00DE345F /* NSArray+SafeValue.m */; };
		4B02DF441E010D8F00DE345F /* NSArray+StringValue.m in Sources */ = {isa = PBXBuildFile; fileRef = 4B02DF381E010D8F00DE345F /* NSArray+StringValue.m */; };
		4B02DF451E010D8F00DE345F /* NSDictionary+SafeValue.m in Sources */ = {isa = PBXBuildFile; fileRef = 4B02DF3A1E010D8F00DE345F /* NSDictionary+SafeValue.m */; };
		4B02DF461E010D8F00DE345F /* NSDictionary+StringValue.m in Sources */ = {isa = PBXBuildFile; fileRef = 4B02DF3C1E010D8F00DE345F /* NSDictionary+StringValue.m */; };
		4B02DF471E010D8F00DE345F /* NSObject+SafeValueWithJSON.m in Sources */ = {isa = PBXBuildFile; fileRef = 4B02DF3E1E010D8F00DE345F /* NSObject+SafeValueWithJSON.m */; };
		4B02DF481E010D8F00DE345F /* UIColor+BZHex.m in Sources */ = {isa = PBXBuildFile; fileRef = 4B02DF411E010D8F00DE345F /* UIColor+BZHex.m */; };
		4B0F442C1E0CC3C100D6B1A2 /* BZVideoEditViewController.m in Sources */ = {isa = PBXBuildFile; fileRef = 4B0F442A1E0CC3C100D6B1A2 /* BZVideoEditViewController.m */; };
		4B0F442D1E0CC3C100D6B1A2 /* BZVideoEditViewController.xib in Resources */ = {isa = PBXBuildFile; fileRef = 4B0F442B1E0CC3C100D6B1A2 /* BZVideoEditViewController.xib */; };
		4B0F44311E0CC3D100D6B1A2 /* BZVideoCutViewController.m in Sources */ = {isa = PBXBuildFile; fileRef = 4B0F442F1E0CC3D100D6B1A2 /* BZVideoCutViewController.m */; };
		4B0F44321E0CC3D100D6B1A2 /* BZVideoCutViewController.xib in Resources */ = {isa = PBXBuildFile; fileRef = 4B0F44301E0CC3D100D6B1A2 /* BZVideoCutViewController.xib */; };
		4B1703E01E07C249006E3566 /* mainViewController.m in Sources */ = {isa = PBXBuildFile; fileRef = 4B1703D61E07C249006E3566 /* mainViewController.m */; };
		4B1703E11E07C249006E3566 /* mainViewController.xib in Resources */ = {isa = PBXBuildFile; fileRef = 4B1703D71E07C249006E3566 /* mainViewController.xib */; };
		4B1703E21E07C249006E3566 /* RecordController.m in Sources */ = {isa = PBXBuildFile; fileRef = 4B1703DA1E07C249006E3566 /* RecordController.m */; };
		4B1703E31E07C249006E3566 /* RecordController.xib in Resources */ = {isa = PBXBuildFile; fileRef = 4B1703DB1E07C249006E3566 /* RecordController.xib */; };
		4B1703E81E07C2A1006E3566 /* SLKMediaProcesserViewController.m in Sources */ = {isa = PBXBuildFile; fileRef = 4B1703E71E07C2A1006E3566 /* SLKMediaProcesserViewController.m */; };
		4B1703EB1E07C7A2006E3566 /* SLKMediaInfoViewController.m in Sources */ = {isa = PBXBuildFile; fileRef = 4B1703EA1E07C7A2006E3566 /* SLKMediaInfoViewController.m */; };
		4B1703F21E08C1DF006E3566 /* BZVideoInfo.m in Sources */ = {isa = PBXBuildFile; fileRef = 4B1703F11E08C1DF006E3566 /* BZVideoInfo.m */; };
		4B1703F71E08D1EC006E3566 /* BZChiefEditViewController.m in Sources */ = {isa = PBXBuildFile; fileRef = 4B1703F51E08D1EC006E3566 /* BZChiefEditViewController.m */; };
		4B1703F81E08D1EC006E3566 /* BZChiefEditViewController.xib in Resources */ = {isa = PBXBuildFile; fileRef = 4B1703F61E08D1EC006E3566 /* BZChiefEditViewController.xib */; };
		4B17040B1E092594006E3566 /* MediaStreamerFramework.framework in Frameworks */ = {isa = PBXBuildFile; fileRef = 4B1704081E092594006E3566 /* MediaStreamerFramework.framework */; };
		4B17040D1E092594006E3566 /* MediaPlayerFramework.framework in Frameworks */ = {isa = PBXBuildFile; fileRef = 4B17040A1E092594006E3566 /* MediaPlayerFramework.framework */; };
		4B17040F1E092601006E3566 /* MediaStreamerFramework.framework in Embed Frameworks */ = {isa = PBXBuildFile; fileRef = 4B1704081E092594006E3566 /* MediaStreamerFramework.framework */; settings = {ATTRIBUTES = (CodeSignOnCopy, RemoveHeadersOnCopy, ); }; };
		4B1704101E092601006E3566 /* PPYLiveKit.framework in Frameworks */ = {isa = PBXBuildFile; fileRef = 4B1704091E092594006E3566 /* PPYLiveKit.framework */; };
		4B1704111E092601006E3566 /* PPYLiveKit.framework in Embed Frameworks */ = {isa = PBXBuildFile; fileRef = 4B1704091E092594006E3566 /* PPYLiveKit.framework */; settings = {ATTRIBUTES = (CodeSignOnCopy, RemoveHeadersOnCopy, ); }; };
		4B1704131E092601006E3566 /* MediaPlayerFramework.framework in Embed Frameworks */ = {isa = PBXBuildFile; fileRef = 4B17040A1E092594006E3566 /* MediaPlayerFramework.framework */; settings = {ATTRIBUTES = (CodeSignOnCopy, RemoveHeadersOnCopy, ); }; };
		4B2F66451E07783D0080B941 /* XWDragCellCollectionView.m in Sources */ = {isa = PBXBuildFile; fileRef = 4B2F66441E07783D0080B941 /* XWDragCellCollectionView.m */; };
		4B754FC61E026A42005814F8 /* AlbumVideoInfo.m in Sources */ = {isa = PBXBuildFile; fileRef = 4B754FC51E026A42005814F8 /* AlbumVideoInfo.m */; };
		4B754FF21E03C7C9005814F8 /* CoreGraphics.framework in Frameworks */ = {isa = PBXBuildFile; fileRef = 4B754FF11E03C7C9005814F8 /* CoreGraphics.framework */; };
		4B754FF41E03C7D1005814F8 /* QuartzCore.framework in Frameworks */ = {isa = PBXBuildFile; fileRef = 4B754FF31E03C7D1005814F8 /* QuartzCore.framework */; };
		4B754FFB1E03CA29005814F8 /* Assets.xcassets in Resources */ = {isa = PBXBuildFile; fileRef = 4B754FF61E03CA29005814F8 /* Assets.xcassets */; };
		4B754FFC1E03CA29005814F8 /* LaunchScreen.storyboard in Resources */ = {isa = PBXBuildFile; fileRef = 4B754FF71E03CA29005814F8 /* LaunchScreen.storyboard */; };
		4B754FFE1E03CA29005814F8 /* main.m in Sources */ = {isa = PBXBuildFile; fileRef = 4B754FFA1E03CA29005814F8 /* main.m */; };
		4B7550051E03CBAD005814F8 /* WebAPI.m in Sources */ = {isa = PBXBuildFile; fileRef = 4B7550021E03CBAD005814F8 /* WebAPI.m */; };
		4B7550061E03CBAD005814F8 /* WebAPIResponseModels.m in Sources */ = {isa = PBXBuildFile; fileRef = 4B7550041E03CBAD005814F8 /* WebAPIResponseModels.m */; };
		4B75503F1E03CBC3005814F8 /* AFHTTPSessionManager.m in Sources */ = {isa = PBXBuildFile; fileRef = 4B75500A1E03CBC3005814F8 /* AFHTTPSessionManager.m */; };
		4B7550401E03CBC3005814F8 /* AFNetworkReachabilityManager.m in Sources */ = {isa = PBXBuildFile; fileRef = 4B75500D1E03CBC3005814F8 /* AFNetworkReachabilityManager.m */; };
		4B7550411E03CBC3005814F8 /* AFSecurityPolicy.m in Sources */ = {isa = PBXBuildFile; fileRef = 4B75500F1E03CBC3005814F8 /* AFSecurityPolicy.m */; };
		4B7550421E03CBC3005814F8 /* AFURLRequestSerialization.m in Sources */ = {isa = PBXBuildFile; fileRef = 4B7550111E03CBC3005814F8 /* AFURLRequestSerialization.m */; };
		4B7550431E03CBC3005814F8 /* AFURLResponseSerialization.m in Sources */ = {isa = PBXBuildFile; fileRef = 4B7550131E03CBC3005814F8 /* AFURLResponseSerialization.m */; };
		4B7550441E03CBC3005814F8 /* AFURLSessionManager.m in Sources */ = {isa = PBXBuildFile; fileRef = 4B7550151E03CBC3005814F8 /* AFURLSessionManager.m */; };
		4B7550451E03CBC3005814F8 /* MASCompositeConstraint.m in Sources */ = {isa = PBXBuildFile; fileRef = 4B7550181E03CBC3005814F8 /* MASCompositeConstraint.m */; };
		4B7550461E03CBC3005814F8 /* MASConstraint.m in Sources */ = {isa = PBXBuildFile; fileRef = 4B75501B1E03CBC3005814F8 /* MASConstraint.m */; };
		4B7550471E03CBC3005814F8 /* MASConstraintMaker.m in Sources */ = {isa = PBXBuildFile; fileRef = 4B75501D1E03CBC3005814F8 /* MASConstraintMaker.m */; };
		4B7550481E03CBC3005814F8 /* MASLayoutConstraint.m in Sources */ = {isa = PBXBuildFile; fileRef = 4B75501F1E03CBC3005814F8 /* MASLayoutConstraint.m */; };
		4B7550491E03CBC3005814F8 /* MASViewAttribute.m in Sources */ = {isa = PBXBuildFile; fileRef = 4B7550231E03CBC3005814F8 /* MASViewAttribute.m */; };
		4B75504A1E03CBC3005814F8 /* MASViewConstraint.m in Sources */ = {isa = PBXBuildFile; fileRef = 4B7550251E03CBC3005814F8 /* MASViewConstraint.m */; };
		4B75504B1E03CBC3005814F8 /* NSArray+MASAdditions.m in Sources */ = {isa = PBXBuildFile; fileRef = 4B7550271E03CBC3005814F8 /* NSArray+MASAdditions.m */; };
		4B75504C1E03CBC3005814F8 /* NSLayoutConstraint+MASDebugAdditions.m in Sources */ = {isa = PBXBuildFile; fileRef = 4B75502A1E03CBC3005814F8 /* NSLayoutConstraint+MASDebugAdditions.m */; };
		4B75504D1E03CBC3005814F8 /* View+MASAdditions.m in Sources */ = {isa = PBXBuildFile; fileRef = 4B75502C1E03CBC3005814F8 /* View+MASAdditions.m */; };
		4B75504E1E03CBC3005814F8 /* ViewController+MASAdditions.m in Sources */ = {isa = PBXBuildFile; fileRef = 4B75502F1E03CBC3005814F8 /* ViewController+MASAdditions.m */; };
		4B75504F1E03CBC3005814F8 /* MBProgressHUD.m in Sources */ = {isa = PBXBuildFile; fileRef = 4B7550321E03CBC3005814F8 /* MBProgressHUD.m */; };
		4B7550501E03CBC3005814F8 /* UIScrollView+SVInfiniteScrolling.m in Sources */ = {isa = PBXBuildFile; fileRef = 4B7550361E03CBC3005814F8 /* UIScrollView+SVInfiniteScrolling.m */; };
		4B7550511E03CBC3005814F8 /* UIScrollView+SVPullToRefresh.m in Sources */ = {isa = PBXBuildFile; fileRef = 4B7550381E03CBC3005814F8 /* UIScrollView+SVPullToRefresh.m */; };
		4B7550521E03CBC3005814F8 /* NSObject+YYModel.m in Sources */ = {isa = PBXBuildFile; fileRef = 4B75503B1E03CBC3005814F8 /* NSObject+YYModel.m */; };
		4B7550531E03CBC3005814F8 /* YYClassInfo.m in Sources */ = {isa = PBXBuildFile; fileRef = 4B75503D1E03CBC3005814F8 /* YYClassInfo.m */; };
		4B7550601E03CBD5005814F8 /* CaptureView.m in Sources */ = {isa = PBXBuildFile; fileRef = 4B7550561E03CBD5005814F8 /* CaptureView.m */; };
		4B7550611E03CBD5005814F8 /* JGCycleProgressView.m in Sources */ = {isa = PBXBuildFile; fileRef = 4B7550581E03CBD5005814F8 /* JGCycleProgressView.m */; };
		4B7550621E03CBD5005814F8 /* JGPlayerControlPanel.m in Sources */ = {isa = PBXBuildFile; fileRef = 4B75505A1E03CBD5005814F8 /* JGPlayerControlPanel.m */; };
		4B7550631E03CBD5005814F8 /* JGPlayerControlPanel.xib in Resources */ = {isa = PBXBuildFile; fileRef = 4B75505B1E03CBD5005814F8 /* JGPlayerControlPanel.xib */; };
		4B7550641E03CBD5005814F8 /* PlayerView.m in Sources */ = {isa = PBXBuildFile; fileRef = 4B75505D1E03CBD5005814F8 /* PlayerView.m */; };
		4B7550651E03CBD5005814F8 /* PPProgressView.m in Sources */ = {isa = PBXBuildFile; fileRef = 4B75505F1E03CBD5005814F8 /* PPProgressView.m */; };
		4B7550CB1E03CD39005814F8 /* FlowCell.m in Sources */ = {isa = PBXBuildFile; fileRef = 4B7550AD1E03CD39005814F8 /* FlowCell.m */; };
		4B7550CC1E03CD39005814F8 /* FlowCell.xib in Resources */ = {isa = PBXBuildFile; fileRef = 4B7550AE1E03CD39005814F8 /* FlowCell.xib */; };
		4B7550CD1E03CD39005814F8 /* LocalVideoCell.m in Sources */ = {isa = PBXBuildFile; fileRef = 4B7550B01E03CD39005814F8 /* LocalVideoCell.m */; };
		4B7550CE1E03CD39005814F8 /* LocalVideoCell.xib in Resources */ = {isa = PBXBuildFile; fileRef = 4B7550B11E03CD39005814F8 /* LocalVideoCell.xib */; };
		4B7550CF1E03CD39005814F8 /* SelectVideoViewCell.m in Sources */ = {isa = PBXBuildFile; fileRef = 4B7550B31E03CD39005814F8 /* SelectVideoViewCell.m */; };
		4B7550D01E03CD39005814F8 /* SelectVideoViewCell.xib in Resources */ = {isa = PBXBuildFile; fileRef = 4B7550B41E03CD39005814F8 /* SelectVideoViewCell.xib */; };
		4B7550D31E03CD39005814F8 /* PlayerController.m in Sources */ = {isa = PBXBuildFile; fileRef = 4B7550BA1E03CD39005814F8 /* PlayerController.m */; };
		4B7550D41E03CD39005814F8 /* PlayerController.xib in Resources */ = {isa = PBXBuildFile; fileRef = 4B7550BB1E03CD39005814F8 /* PlayerController.xib */; };
		4B7550D51E03CD39005814F8 /* PlayListController.m in Sources */ = {isa = PBXBuildFile; fileRef = 4B7550BD1E03CD39005814F8 /* PlayListController.m */; };
		4B7550D61E03CD39005814F8 /* PlayListController.xib in Resources */ = {isa = PBXBuildFile; fileRef = 4B7550BE1E03CD39005814F8 /* PlayListController.xib */; };
		4B7550D71E03CD39005814F8 /* PlayListHelper.m in Sources */ = {isa = PBXBuildFile; fileRef = 4B7550C01E03CD39005814F8 /* PlayListHelper.m */; };
		4B7550DC1E03CD39005814F8 /* LocalVideoAddViewController.m in Sources */ = {isa = PBXBuildFile; fileRef = 4B7550C91E03CD39005814F8 /* LocalVideoAddViewController.m */; };
		4B7550DD1E03CD39005814F8 /* LocalVideoAddViewController.xib in Resources */ = {isa = PBXBuildFile; fileRef = 4B7550CA1E03CD39005814F8 /* LocalVideoAddViewController.xib */; };
		842472EA1DCC7FA0007B4D44 /* AppDelegate.m in Sources */ = {isa = PBXBuildFile; fileRef = 842472E91DCC7FA0007B4D44 /* AppDelegate.m */; };
/* End PBXBuildFile section */

/* Begin PBXCopyFilesBuildPhase section */
		842473241DD04D83007B4D44 /* Embed Frameworks */ = {
			isa = PBXCopyFilesBuildPhase;
			buildActionMask = 2147483647;
			dstPath = "";
			dstSubfolderSpec = 10;
			files = (
				4B17040F1E092601006E3566 /* MediaStreamerFramework.framework in Embed Frameworks */,
				4B1704131E092601006E3566 /* MediaPlayerFramework.framework in Embed Frameworks */,
				4B1704111E092601006E3566 /* PPYLiveKit.framework in Embed Frameworks */,
			);
			name = "Embed Frameworks";
			runOnlyForDeploymentPostprocessing = 0;
		};
/* End PBXCopyFilesBuildPhase section */

/* Begin PBXFileReference section */
		4B02DF321E010D8F00DE345F /* NSArray+ObjectAtIndexWithBoundsCheck.h */ = {isa = PBXFileReference; fileEncoding = 4; lastKnownFileType = sourcecode.c.h; path = "NSArray+ObjectAtIndexWithBoundsCheck.h"; sourceTree = "<group>"; };
		4B02DF331E010D8F00DE345F /* NSArray+ObjectAtIndexWithBoundsCheck.m */ = {isa = PBXFileReference; fileEncoding = 4; lastKnownFileType = sourcecode.c.objc; path = "NSArray+ObjectAtIndexWithBoundsCheck.m"; sourceTree = "<group>"; };
		4B02DF351E010D8F00DE345F /* NSArray+SafeValue.h */ = {isa = PBXFileReference; fileEncoding = 4; lastKnownFileType = sourcecode.c.h; path = "NSArray+SafeValue.h"; sourceTree = "<group>"; };
		4B02DF361E010D8F00DE345F /* NSArray+SafeValue.m */ = {isa = PBXFileReference; fileEncoding = 4; lastKnownFileType = sourcecode.c.objc; path = "NSArray+SafeValue.m"; sourceTree = "<group>"; };
		4B02DF371E010D8F00DE345F /* NSArray+StringValue.h */ = {isa = PBXFileReference; fileEncoding = 4; lastKnownFileType = sourcecode.c.h; path = "NSArray+StringValue.h"; sourceTree = "<group>"; };
		4B02DF381E010D8F00DE345F /* NSArray+StringValue.m */ = {isa = PBXFileReference; fileEncoding = 4; lastKnownFileType = sourcecode.c.objc; path = "NSArray+StringValue.m"; sourceTree = "<group>"; };
		4B02DF391E010D8F00DE345F /* NSDictionary+SafeValue.h */ = {isa = PBXFileReference; fileEncoding = 4; lastKnownFileType = sourcecode.c.h; path = "NSDictionary+SafeValue.h"; sourceTree = "<group>"; };
		4B02DF3A1E010D8F00DE345F /* NSDictionary+SafeValue.m */ = {isa = PBXFileReference; fileEncoding = 4; lastKnownFileType = sourcecode.c.objc; path = "NSDictionary+SafeValue.m"; sourceTree = "<group>"; };
		4B02DF3B1E010D8F00DE345F /* NSDictionary+StringValue.h */ = {isa = PBXFileReference; fileEncoding = 4; lastKnownFileType = sourcecode.c.h; path = "NSDictionary+StringValue.h"; sourceTree = "<group>"; };
		4B02DF3C1E010D8F00DE345F /* NSDictionary+StringValue.m */ = {isa = PBXFileReference; fileEncoding = 4; lastKnownFileType = sourcecode.c.objc; path = "NSDictionary+StringValue.m"; sourceTree = "<group>"; };
		4B02DF3D1E010D8F00DE345F /* NSObject+SafeValueWithJSON.h */ = {isa = PBXFileReference; fileEncoding = 4; lastKnownFileType = sourcecode.c.h; path = "NSObject+SafeValueWithJSON.h"; sourceTree = "<group>"; };
		4B02DF3E1E010D8F00DE345F /* NSObject+SafeValueWithJSON.m */ = {isa = PBXFileReference; fileEncoding = 4; lastKnownFileType = sourcecode.c.objc; path = "NSObject+SafeValueWithJSON.m"; sourceTree = "<group>"; };
		4B02DF3F1E010D8F00DE345F /* PPObjectSafe.h */ = {isa = PBXFileReference; fileEncoding = 4; lastKnownFileType = sourcecode.c.h; path = PPObjectSafe.h; sourceTree = "<group>"; };
		4B02DF401E010D8F00DE345F /* UIColor+BZHex.h */ = {isa = PBXFileReference; fileEncoding = 4; lastKnownFileType = sourcecode.c.h; path = "UIColor+BZHex.h"; sourceTree = "<group>"; };
		4B02DF411E010D8F00DE345F /* UIColor+BZHex.m */ = {isa = PBXFileReference; fileEncoding = 4; lastKnownFileType = sourcecode.c.objc; path = "UIColor+BZHex.m"; sourceTree = "<group>"; };
		4B0F44291E0CC3C100D6B1A2 /* BZVideoEditViewController.h */ = {isa = PBXFileReference; fileEncoding = 4; lastKnownFileType = sourcecode.c.h; path = BZVideoEditViewController.h; sourceTree = "<group>"; };
		4B0F442A1E0CC3C100D6B1A2 /* BZVideoEditViewController.m */ = {isa = PBXFileReference; fileEncoding = 4; lastKnownFileType = sourcecode.c.objc; path = BZVideoEditViewController.m; sourceTree = "<group>"; };
		4B0F442B1E0CC3C100D6B1A2 /* BZVideoEditViewController.xib */ = {isa = PBXFileReference; fileEncoding = 4; lastKnownFileType = file.xib; path = BZVideoEditViewController.xib; sourceTree = "<group>"; };
		4B0F442E1E0CC3D100D6B1A2 /* BZVideoCutViewController.h */ = {isa = PBXFileReference; fileEncoding = 4; lastKnownFileType = sourcecode.c.h; path = BZVideoCutViewController.h; sourceTree = "<group>"; };
		4B0F442F1E0CC3D100D6B1A2 /* BZVideoCutViewController.m */ = {isa = PBXFileReference; fileEncoding = 4; lastKnownFileType = sourcecode.c.objc; path = BZVideoCutViewController.m; sourceTree = "<group>"; };
		4B0F44301E0CC3D100D6B1A2 /* BZVideoCutViewController.xib */ = {isa = PBXFileReference; fileEncoding = 4; lastKnownFileType = file.xib; path = BZVideoCutViewController.xib; sourceTree = "<group>"; };
		4B1703D51E07C249006E3566 /* mainViewController.h */ = {isa = PBXFileReference; fileEncoding = 4; lastKnownFileType = sourcecode.c.h; path = mainViewController.h; sourceTree = "<group>"; };
		4B1703D61E07C249006E3566 /* mainViewController.m */ = {isa = PBXFileReference; fileEncoding = 4; lastKnownFileType = sourcecode.c.objc; path = mainViewController.m; sourceTree = "<group>"; };
		4B1703D71E07C249006E3566 /* mainViewController.xib */ = {isa = PBXFileReference; fileEncoding = 4; lastKnownFileType = file.xib; path = mainViewController.xib; sourceTree = "<group>"; };
		4B1703D91E07C249006E3566 /* RecordController.h */ = {isa = PBXFileReference; fileEncoding = 4; lastKnownFileType = sourcecode.c.h; path = RecordController.h; sourceTree = "<group>"; };
		4B1703DA1E07C249006E3566 /* RecordController.m */ = {isa = PBXFileReference; fileEncoding = 4; lastKnownFileType = sourcecode.c.objc; path = RecordController.m; sourceTree = "<group>"; };
		4B1703DB1E07C249006E3566 /* RecordController.xib */ = {isa = PBXFileReference; fileEncoding = 4; lastKnownFileType = file.xib; path = RecordController.xib; sourceTree = "<group>"; };
		4B1703E61E07C2A1006E3566 /* SLKMediaProcesserViewController.h */ = {isa = PBXFileReference; fileEncoding = 4; lastKnownFileType = sourcecode.c.h; path = SLKMediaProcesserViewController.h; sourceTree = "<group>"; };
		4B1703E71E07C2A1006E3566 /* SLKMediaProcesserViewController.m */ = {isa = PBXFileReference; fileEncoding = 4; lastKnownFileType = sourcecode.c.objc; path = SLKMediaProcesserViewController.m; sourceTree = "<group>"; };
		4B1703E91E07C7A2006E3566 /* SLKMediaInfoViewController.h */ = {isa = PBXFileReference; fileEncoding = 4; lastKnownFileType = sourcecode.c.h; path = SLKMediaInfoViewController.h; sourceTree = "<group>"; };
		4B1703EA1E07C7A2006E3566 /* SLKMediaInfoViewController.m */ = {isa = PBXFileReference; fileEncoding = 4; lastKnownFileType = sourcecode.c.objc; path = SLKMediaInfoViewController.m; sourceTree = "<group>"; };
		4B1703F01E08C1DF006E3566 /* BZVideoInfo.h */ = {isa = PBXFileReference; fileEncoding = 4; lastKnownFileType = sourcecode.c.h; path = BZVideoInfo.h; sourceTree = "<group>"; };
		4B1703F11E08C1DF006E3566 /* BZVideoInfo.m */ = {isa = PBXFileReference; fileEncoding = 4; lastKnownFileType = sourcecode.c.objc; path = BZVideoInfo.m; sourceTree = "<group>"; };
		4B1703F41E08D1EC006E3566 /* BZChiefEditViewController.h */ = {isa = PBXFileReference; fileEncoding = 4; lastKnownFileType = sourcecode.c.h; path = BZChiefEditViewController.h; sourceTree = "<group>"; };
		4B1703F51E08D1EC006E3566 /* BZChiefEditViewController.m */ = {isa = PBXFileReference; fileEncoding = 4; lastKnownFileType = sourcecode.c.objc; path = BZChiefEditViewController.m; sourceTree = "<group>"; };
		4B1703F61E08D1EC006E3566 /* BZChiefEditViewController.xib */ = {isa = PBXFileReference; fileEncoding = 4; lastKnownFileType = file.xib; path = BZChiefEditViewController.xib; sourceTree = "<group>"; };
		4B1703FC1E091E8D006E3566 /* libc++.tbd */ = {isa = PBXFileReference; lastKnownFileType = "sourcecode.text-based-dylib-definition"; name = "libc++.tbd"; path = "usr/lib/libc++.tbd"; sourceTree = SDKROOT; };
		4B1703FE1E091E94006E3566 /* libz.tbd */ = {isa = PBXFileReference; lastKnownFileType = "sourcecode.text-based-dylib-definition"; name = libz.tbd; path = usr/lib/libz.tbd; sourceTree = SDKROOT; };
		4B1704001E091ED5006E3566 /* OpenGLES.framework */ = {isa = PBXFileReference; lastKnownFileType = wrapper.framework; name = OpenGLES.framework; path = System/Library/Frameworks/OpenGLES.framework; sourceTree = SDKROOT; };
		4B1704021E091F24006E3566 /* VideoToolbox.framework */ = {isa = PBXFileReference; lastKnownFileType = wrapper.framework; name = VideoToolbox.framework; path = System/Library/Frameworks/VideoToolbox.framework; sourceTree = SDKROOT; };
		4B1704041E091F57006E3566 /* AVFoundation.framework */ = {isa = PBXFileReference; lastKnownFileType = wrapper.framework; name = AVFoundation.framework; path = System/Library/Frameworks/AVFoundation.framework; sourceTree = SDKROOT; };
		4B1704061E091FDA006E3566 /* CoreMedia.framework */ = {isa = PBXFileReference; lastKnownFileType = wrapper.framework; name = CoreMedia.framework; path = System/Library/Frameworks/CoreMedia.framework; sourceTree = SDKROOT; };
		4B1704081E092594006E3566 /* MediaStreamerFramework.framework */ = {isa = PBXFileReference; lastKnownFileType = wrapper.framework; path = MediaStreamerFramework.framework; sourceTree = "<group>"; };
		4B1704091E092594006E3566 /* PPYLiveKit.framework */ = {isa = PBXFileReference; lastKnownFileType = wrapper.framework; path = PPYLiveKit.framework; sourceTree = "<group>"; };
		4B17040A1E092594006E3566 /* MediaPlayerFramework.framework */ = {isa = PBXFileReference; lastKnownFileType = wrapper.framework; path = MediaPlayerFramework.framework; sourceTree = "<group>"; };
		4B2F66431E07783D0080B941 /* XWDragCellCollectionView.h */ = {isa = PBXFileReference; fileEncoding = 4; lastKnownFileType = sourcecode.c.h; path = XWDragCellCollectionView.h; sourceTree = "<group>"; };
		4B2F66441E07783D0080B941 /* XWDragCellCollectionView.m */ = {isa = PBXFileReference; fileEncoding = 4; lastKnownFileType = sourcecode.c.objc; path = XWDragCellCollectionView.m; sourceTree = "<group>"; };
		4B754FC41E026A42005814F8 /* AlbumVideoInfo.h */ = {isa = PBXFileReference; fileEncoding = 4; lastKnownFileType = sourcecode.c.h; path = AlbumVideoInfo.h; sourceTree = "<group>"; };
		4B754FC51E026A42005814F8 /* AlbumVideoInfo.m */ = {isa = PBXFileReference; fileEncoding = 4; lastKnownFileType = sourcecode.c.objc; path = AlbumVideoInfo.m; sourceTree = "<group>"; };
		4B754FF11E03C7C9005814F8 /* CoreGraphics.framework */ = {isa = PBXFileReference; lastKnownFileType = wrapper.framework; name = CoreGraphics.framework; path = System/Library/Frameworks/CoreGraphics.framework; sourceTree = SDKROOT; };
		4B754FF31E03C7D1005814F8 /* QuartzCore.framework */ = {isa = PBXFileReference; lastKnownFileType = wrapper.framework; name = QuartzCore.framework; path = System/Library/Frameworks/QuartzCore.framework; sourceTree = SDKROOT; };
		4B754FF61E03CA29005814F8 /* Assets.xcassets */ = {isa = PBXFileReference; lastKnownFileType = folder.assetcatalog; path = Assets.xcassets; sourceTree = "<group>"; };
		4B754FF81E03CA29005814F8 /* Base */ = {isa = PBXFileReference; lastKnownFileType = file.storyboard; name = Base; path = Base.lproj/LaunchScreen.storyboard; sourceTree = "<group>"; };
		4B754FF91E03CA29005814F8 /* Info.plist */ = {isa = PBXFileReference; fileEncoding = 4; lastKnownFileType = text.plist.xml; path = Info.plist; sourceTree = "<group>"; };
		4B754FFA1E03CA29005814F8 /* main.m */ = {isa = PBXFileReference; fileEncoding = 4; lastKnownFileType = sourcecode.c.objc; path = main.m; sourceTree = "<group>"; };
		4B754FFF1E03CA7B005814F8 /* PrefixHeader.pch */ = {isa = PBXFileReference; lastKnownFileType = sourcecode.c.h; path = PrefixHeader.pch; sourceTree = "<group>"; };
		4B7550011E03CBAD005814F8 /* WebAPI.h */ = {isa = PBXFileReference; fileEncoding = 4; lastKnownFileType = sourcecode.c.h; path = WebAPI.h; sourceTree = "<group>"; };
		4B7550021E03CBAD005814F8 /* WebAPI.m */ = {isa = PBXFileReference; fileEncoding = 4; lastKnownFileType = sourcecode.c.objc; path = WebAPI.m; sourceTree = "<group>"; };
		4B7550031E03CBAD005814F8 /* WebAPIResponseModels.h */ = {isa = PBXFileReference; fileEncoding = 4; lastKnownFileType = sourcecode.c.h; path = WebAPIResponseModels.h; sourceTree = "<group>"; };
		4B7550041E03CBAD005814F8 /* WebAPIResponseModels.m */ = {isa = PBXFileReference; fileEncoding = 4; lastKnownFileType = sourcecode.c.objc; path = WebAPIResponseModels.m; sourceTree = "<group>"; };
		4B7550091E03CBC3005814F8 /* AFHTTPSessionManager.h */ = {isa = PBXFileReference; fileEncoding = 4; lastKnownFileType = sourcecode.c.h; path = AFHTTPSessionManager.h; sourceTree = "<group>"; };
		4B75500A1E03CBC3005814F8 /* AFHTTPSessionManager.m */ = {isa = PBXFileReference; fileEncoding = 4; lastKnownFileType = sourcecode.c.objc; path = AFHTTPSessionManager.m; sourceTree = "<group>"; };
		4B75500B1E03CBC3005814F8 /* AFNetworking.h */ = {isa = PBXFileReference; fileEncoding = 4; lastKnownFileType = sourcecode.c.h; path = AFNetworking.h; sourceTree = "<group>"; };
		4B75500C1E03CBC3005814F8 /* AFNetworkReachabilityManager.h */ = {isa = PBXFileReference; fileEncoding = 4; lastKnownFileType = sourcecode.c.h; path = AFNetworkReachabilityManager.h; sourceTree = "<group>"; };
		4B75500D1E03CBC3005814F8 /* AFNetworkReachabilityManager.m */ = {isa = PBXFileReference; fileEncoding = 4; lastKnownFileType = sourcecode.c.objc; path = AFNetworkReachabilityManager.m; sourceTree = "<group>"; };
		4B75500E1E03CBC3005814F8 /* AFSecurityPolicy.h */ = {isa = PBXFileReference; fileEncoding = 4; lastKnownFileType = sourcecode.c.h; path = AFSecurityPolicy.h; sourceTree = "<group>"; };
		4B75500F1E03CBC3005814F8 /* AFSecurityPolicy.m */ = {isa = PBXFileReference; fileEncoding = 4; lastKnownFileType = sourcecode.c.objc; path = AFSecurityPolicy.m; sourceTree = "<group>"; };
		4B7550101E03CBC3005814F8 /* AFURLRequestSerialization.h */ = {isa = PBXFileReference; fileEncoding = 4; lastKnownFileType = sourcecode.c.h; path = AFURLRequestSerialization.h; sourceTree = "<group>"; };
		4B7550111E03CBC3005814F8 /* AFURLRequestSerialization.m */ = {isa = PBXFileReference; fileEncoding = 4; lastKnownFileType = sourcecode.c.objc; path = AFURLRequestSerialization.m; sourceTree = "<group>"; };
		4B7550121E03CBC3005814F8 /* AFURLResponseSerialization.h */ = {isa = PBXFileReference; fileEncoding = 4; lastKnownFileType = sourcecode.c.h; path = AFURLResponseSerialization.h; sourceTree = "<group>"; };
		4B7550131E03CBC3005814F8 /* AFURLResponseSerialization.m */ = {isa = PBXFileReference; fileEncoding = 4; lastKnownFileType = sourcecode.c.objc; path = AFURLResponseSerialization.m; sourceTree = "<group>"; };
		4B7550141E03CBC3005814F8 /* AFURLSessionManager.h */ = {isa = PBXFileReference; fileEncoding = 4; lastKnownFileType = sourcecode.c.h; path = AFURLSessionManager.h; sourceTree = "<group>"; };
		4B7550151E03CBC3005814F8 /* AFURLSessionManager.m */ = {isa = PBXFileReference; fileEncoding = 4; lastKnownFileType = sourcecode.c.objc; path = AFURLSessionManager.m; sourceTree = "<group>"; };
		4B7550171E03CBC3005814F8 /* MASCompositeConstraint.h */ = {isa = PBXFileReference; fileEncoding = 4; lastKnownFileType = sourcecode.c.h; path = MASCompositeConstraint.h; sourceTree = "<group>"; };
		4B7550181E03CBC3005814F8 /* MASCompositeConstraint.m */ = {isa = PBXFileReference; fileEncoding = 4; lastKnownFileType = sourcecode.c.objc; path = MASCompositeConstraint.m; sourceTree = "<group>"; };
		4B7550191E03CBC3005814F8 /* MASConstraint+Private.h */ = {isa = PBXFileReference; fileEncoding = 4; lastKnownFileType = sourcecode.c.h; path = "MASConstraint+Private.h"; sourceTree = "<group>"; };
		4B75501A1E03CBC3005814F8 /* MASConstraint.h */ = {isa = PBXFileReference; fileEncoding = 4; lastKnownFileType = sourcecode.c.h; path = MASConstraint.h; sourceTree = "<group>"; };
		4B75501B1E03CBC3005814F8 /* MASConstraint.m */ = {isa = PBXFileReference; fileEncoding = 4; lastKnownFileType = sourcecode.c.objc; path = MASConstraint.m; sourceTree = "<group>"; };
		4B75501C1E03CBC3005814F8 /* MASConstraintMaker.h */ = {isa = PBXFileReference; fileEncoding = 4; lastKnownFileType = sourcecode.c.h; path = MASConstraintMaker.h; sourceTree = "<group>"; };
		4B75501D1E03CBC3005814F8 /* MASConstraintMaker.m */ = {isa = PBXFileReference; fileEncoding = 4; lastKnownFileType = sourcecode.c.objc; path = MASConstraintMaker.m; sourceTree = "<group>"; };
		4B75501E1E03CBC3005814F8 /* MASLayoutConstraint.h */ = {isa = PBXFileReference; fileEncoding = 4; lastKnownFileType = sourcecode.c.h; path = MASLayoutConstraint.h; sourceTree = "<group>"; };
		4B75501F1E03CBC3005814F8 /* MASLayoutConstraint.m */ = {isa = PBXFileReference; fileEncoding = 4; lastKnownFileType = sourcecode.c.objc; path = MASLayoutConstraint.m; sourceTree = "<group>"; };
		4B7550201E03CBC3005814F8 /* Masonry.h */ = {isa = PBXFileReference; fileEncoding = 4; lastKnownFileType = sourcecode.c.h; path = Masonry.h; sourceTree = "<group>"; };
		4B7550211E03CBC3005814F8 /* MASUtilities.h */ = {isa = PBXFileReference; fileEncoding = 4; lastKnownFileType = sourcecode.c.h; path = MASUtilities.h; sourceTree = "<group>"; };
		4B7550221E03CBC3005814F8 /* MASViewAttribute.h */ = {isa = PBXFileReference; fileEncoding = 4; lastKnownFileType = sourcecode.c.h; path = MASViewAttribute.h; sourceTree = "<group>"; };
		4B7550231E03CBC3005814F8 /* MASViewAttribute.m */ = {isa = PBXFileReference; fileEncoding = 4; lastKnownFileType = sourcecode.c.objc; path = MASViewAttribute.m; sourceTree = "<group>"; };
		4B7550241E03CBC3005814F8 /* MASViewConstraint.h */ = {isa = PBXFileReference; fileEncoding = 4; lastKnownFileType = sourcecode.c.h; path = MASViewConstraint.h; sourceTree = "<group>"; };
		4B7550251E03CBC3005814F8 /* MASViewConstraint.m */ = {isa = PBXFileReference; fileEncoding = 4; lastKnownFileType = sourcecode.c.objc; path = MASViewConstraint.m; sourceTree = "<group>"; };
		4B7550261E03CBC3005814F8 /* NSArray+MASAdditions.h */ = {isa = PBXFileReference; fileEncoding = 4; lastKnownFileType = sourcecode.c.h; path = "NSArray+MASAdditions.h"; sourceTree = "<group>"; };
		4B7550271E03CBC3005814F8 /* NSArray+MASAdditions.m */ = {isa = PBXFileReference; fileEncoding = 4; lastKnownFileType = sourcecode.c.objc; path = "NSArray+MASAdditions.m"; sourceTree = "<group>"; };
		4B7550281E03CBC3005814F8 /* NSArray+MASShorthandAdditions.h */ = {isa = PBXFileReference; fileEncoding = 4; lastKnownFileType = sourcecode.c.h; path = "NSArray+MASShorthandAdditions.h"; sourceTree = "<group>"; };
		4B7550291E03CBC3005814F8 /* NSLayoutConstraint+MASDebugAdditions.h */ = {isa = PBXFileReference; fileEncoding = 4; lastKnownFileType = sourcecode.c.h; path = "NSLayoutConstraint+MASDebugAdditions.h"; sourceTree = "<group>"; };
		4B75502A1E03CBC3005814F8 /* NSLayoutConstraint+MASDebugAdditions.m */ = {isa = PBXFileReference; fileEncoding = 4; lastKnownFileType = sourcecode.c.objc; path = "NSLayoutConstraint+MASDebugAdditions.m"; sourceTree = "<group>"; };
		4B75502B1E03CBC3005814F8 /* View+MASAdditions.h */ = {isa = PBXFileReference; fileEncoding = 4; lastKnownFileType = sourcecode.c.h; path = "View+MASAdditions.h"; sourceTree = "<group>"; };
		4B75502C1E03CBC3005814F8 /* View+MASAdditions.m */ = {isa = PBXFileReference; fileEncoding = 4; lastKnownFileType = sourcecode.c.objc; path = "View+MASAdditions.m"; sourceTree = "<group>"; };
		4B75502D1E03CBC3005814F8 /* View+MASShorthandAdditions.h */ = {isa = PBXFileReference; fileEncoding = 4; lastKnownFileType = sourcecode.c.h; path = "View+MASShorthandAdditions.h"; sourceTree = "<group>"; };
		4B75502E1E03CBC3005814F8 /* ViewController+MASAdditions.h */ = {isa = PBXFileReference; fileEncoding = 4; lastKnownFileType = sourcecode.c.h; path = "ViewController+MASAdditions.h"; sourceTree = "<group>"; };
		4B75502F1E03CBC3005814F8 /* ViewController+MASAdditions.m */ = {isa = PBXFileReference; fileEncoding = 4; lastKnownFileType = sourcecode.c.objc; path = "ViewController+MASAdditions.m"; sourceTree = "<group>"; };
		4B7550311E03CBC3005814F8 /* MBProgressHUD.h */ = {isa = PBXFileReference; fileEncoding = 4; lastKnownFileType = sourcecode.c.h; path = MBProgressHUD.h; sourceTree = "<group>"; };
		4B7550321E03CBC3005814F8 /* MBProgressHUD.m */ = {isa = PBXFileReference; fileEncoding = 4; lastKnownFileType = sourcecode.c.objc; path = MBProgressHUD.m; sourceTree = "<group>"; };
		4B7550341E03CBC3005814F8 /* SVPullToRefresh.h */ = {isa = PBXFileReference; fileEncoding = 4; lastKnownFileType = sourcecode.c.h; path = SVPullToRefresh.h; sourceTree = "<group>"; };
		4B7550351E03CBC3005814F8 /* UIScrollView+SVInfiniteScrolling.h */ = {isa = PBXFileReference; fileEncoding = 4; lastKnownFileType = sourcecode.c.h; path = "UIScrollView+SVInfiniteScrolling.h"; sourceTree = "<group>"; };
		4B7550361E03CBC3005814F8 /* UIScrollView+SVInfiniteScrolling.m */ = {isa = PBXFileReference; fileEncoding = 4; lastKnownFileType = sourcecode.c.objc; path = "UIScrollView+SVInfiniteScrolling.m"; sourceTree = "<group>"; };
		4B7550371E03CBC3005814F8 /* UIScrollView+SVPullToRefresh.h */ = {isa = PBXFileReference; fileEncoding = 4; lastKnownFileType = sourcecode.c.h; path = "UIScrollView+SVPullToRefresh.h"; sourceTree = "<group>"; };
		4B7550381E03CBC3005814F8 /* UIScrollView+SVPullToRefresh.m */ = {isa = PBXFileReference; fileEncoding = 4; lastKnownFileType = sourcecode.c.objc; path = "UIScrollView+SVPullToRefresh.m"; sourceTree = "<group>"; };
		4B75503A1E03CBC3005814F8 /* NSObject+YYModel.h */ = {isa = PBXFileReference; fileEncoding = 4; lastKnownFileType = sourcecode.c.h; path = "NSObject+YYModel.h"; sourceTree = "<group>"; };
		4B75503B1E03CBC3005814F8 /* NSObject+YYModel.m */ = {isa = PBXFileReference; fileEncoding = 4; lastKnownFileType = sourcecode.c.objc; path = "NSObject+YYModel.m"; sourceTree = "<group>"; };
		4B75503C1E03CBC3005814F8 /* YYClassInfo.h */ = {isa = PBXFileReference; fileEncoding = 4; lastKnownFileType = sourcecode.c.h; path = YYClassInfo.h; sourceTree = "<group>"; };
		4B75503D1E03CBC3005814F8 /* YYClassInfo.m */ = {isa = PBXFileReference; fileEncoding = 4; lastKnownFileType = sourcecode.c.objc; path = YYClassInfo.m; sourceTree = "<group>"; };
		4B75503E1E03CBC3005814F8 /* YYModel.h */ = {isa = PBXFileReference; fileEncoding = 4; lastKnownFileType = sourcecode.c.h; path = YYModel.h; sourceTree = "<group>"; };
		4B7550551E03CBD5005814F8 /* CaptureView.h */ = {isa = PBXFileReference; fileEncoding = 4; lastKnownFileType = sourcecode.c.h; path = CaptureView.h; sourceTree = "<group>"; };
		4B7550561E03CBD5005814F8 /* CaptureView.m */ = {isa = PBXFileReference; fileEncoding = 4; lastKnownFileType = sourcecode.c.objc; path = CaptureView.m; sourceTree = "<group>"; };
		4B7550571E03CBD5005814F8 /* JGCycleProgressView.h */ = {isa = PBXFileReference; fileEncoding = 4; lastKnownFileType = sourcecode.c.h; path = JGCycleProgressView.h; sourceTree = "<group>"; };
		4B7550581E03CBD5005814F8 /* JGCycleProgressView.m */ = {isa = PBXFileReference; fileEncoding = 4; lastKnownFileType = sourcecode.c.objc; path = JGCycleProgressView.m; sourceTree = "<group>"; };
		4B7550591E03CBD5005814F8 /* JGPlayerControlPanel.h */ = {isa = PBXFileReference; fileEncoding = 4; lastKnownFileType = sourcecode.c.h; path = JGPlayerControlPanel.h; sourceTree = "<group>"; };
		4B75505A1E03CBD5005814F8 /* JGPlayerControlPanel.m */ = {isa = PBXFileReference; fileEncoding = 4; lastKnownFileType = sourcecode.c.objc; path = JGPlayerControlPanel.m; sourceTree = "<group>"; };
		4B75505B1E03CBD5005814F8 /* JGPlayerControlPanel.xib */ = {isa = PBXFileReference; fileEncoding = 4; lastKnownFileType = file.xib; path = JGPlayerControlPanel.xib; sourceTree = "<group>"; };
		4B75505C1E03CBD5005814F8 /* PlayerView.h */ = {isa = PBXFileReference; fileEncoding = 4; lastKnownFileType = sourcecode.c.h; path = PlayerView.h; sourceTree = "<group>"; };
		4B75505D1E03CBD5005814F8 /* PlayerView.m */ = {isa = PBXFileReference; fileEncoding = 4; lastKnownFileType = sourcecode.c.objc; path = PlayerView.m; sourceTree = "<group>"; };
		4B75505E1E03CBD5005814F8 /* PPProgressView.h */ = {isa = PBXFileReference; fileEncoding = 4; lastKnownFileType = sourcecode.c.h; path = PPProgressView.h; sourceTree = "<group>"; };
		4B75505F1E03CBD5005814F8 /* PPProgressView.m */ = {isa = PBXFileReference; fileEncoding = 4; lastKnownFileType = sourcecode.c.objc; path = PPProgressView.m; sourceTree = "<group>"; };
		4B7550AC1E03CD39005814F8 /* FlowCell.h */ = {isa = PBXFileReference; fileEncoding = 4; lastKnownFileType = sourcecode.c.h; path = FlowCell.h; sourceTree = "<group>"; };
		4B7550AD1E03CD39005814F8 /* FlowCell.m */ = {isa = PBXFileReference; fileEncoding = 4; lastKnownFileType = sourcecode.c.objc; path = FlowCell.m; sourceTree = "<group>"; };
		4B7550AE1E03CD39005814F8 /* FlowCell.xib */ = {isa = PBXFileReference; fileEncoding = 4; lastKnownFileType = file.xib; path = FlowCell.xib; sourceTree = "<group>"; };
		4B7550AF1E03CD39005814F8 /* LocalVideoCell.h */ = {isa = PBXFileReference; fileEncoding = 4; lastKnownFileType = sourcecode.c.h; path = LocalVideoCell.h; sourceTree = "<group>"; };
		4B7550B01E03CD39005814F8 /* LocalVideoCell.m */ = {isa = PBXFileReference; fileEncoding = 4; lastKnownFileType = sourcecode.c.objc; path = LocalVideoCell.m; sourceTree = "<group>"; };
		4B7550B11E03CD39005814F8 /* LocalVideoCell.xib */ = {isa = PBXFileReference; fileEncoding = 4; lastKnownFileType = file.xib; path = LocalVideoCell.xib; sourceTree = "<group>"; };
		4B7550B21E03CD39005814F8 /* SelectVideoViewCell.h */ = {isa = PBXFileReference; fileEncoding = 4; lastKnownFileType = sourcecode.c.h; path = SelectVideoViewCell.h; sourceTree = "<group>"; };
		4B7550B31E03CD39005814F8 /* SelectVideoViewCell.m */ = {isa = PBXFileReference; fileEncoding = 4; lastKnownFileType = sourcecode.c.objc; path = SelectVideoViewCell.m; sourceTree = "<group>"; };
		4B7550B41E03CD39005814F8 /* SelectVideoViewCell.xib */ = {isa = PBXFileReference; fileEncoding = 4; lastKnownFileType = file.xib; path = SelectVideoViewCell.xib; sourceTree = "<group>"; };
		4B7550B91E03CD39005814F8 /* PlayerController.h */ = {isa = PBXFileReference; fileEncoding = 4; lastKnownFileType = sourcecode.c.h; path = PlayerController.h; sourceTree = "<group>"; };
		4B7550BA1E03CD39005814F8 /* PlayerController.m */ = {isa = PBXFileReference; fileEncoding = 4; lastKnownFileType = sourcecode.c.objc; path = PlayerController.m; sourceTree = "<group>"; };
		4B7550BB1E03CD39005814F8 /* PlayerController.xib */ = {isa = PBXFileReference; fileEncoding = 4; lastKnownFileType = file.xib; path = PlayerController.xib; sourceTree = "<group>"; };
		4B7550BC1E03CD39005814F8 /* PlayListController.h */ = {isa = PBXFileReference; fileEncoding = 4; lastKnownFileType = sourcecode.c.h; path = PlayListController.h; sourceTree = "<group>"; };
		4B7550BD1E03CD39005814F8 /* PlayListController.m */ = {isa = PBXFileReference; fileEncoding = 4; lastKnownFileType = sourcecode.c.objc; path = PlayListController.m; sourceTree = "<group>"; };
		4B7550BE1E03CD39005814F8 /* PlayListController.xib */ = {isa = PBXFileReference; fileEncoding = 4; lastKnownFileType = file.xib; path = PlayListController.xib; sourceTree = "<group>"; };
		4B7550BF1E03CD39005814F8 /* PlayListHelper.h */ = {isa = PBXFileReference; fileEncoding = 4; lastKnownFileType = sourcecode.c.h; path = PlayListHelper.h; sourceTree = "<group>"; };
		4B7550C01E03CD39005814F8 /* PlayListHelper.m */ = {isa = PBXFileReference; fileEncoding = 4; lastKnownFileType = sourcecode.c.objc; path = PlayListHelper.m; sourceTree = "<group>"; };
		4B7550C81E03CD39005814F8 /* LocalVideoAddViewController.h */ = {isa = PBXFileReference; fileEncoding = 4; lastKnownFileType = sourcecode.c.h; path = LocalVideoAddViewController.h; sourceTree = "<group>"; };
		4B7550C91E03CD39005814F8 /* LocalVideoAddViewController.m */ = {isa = PBXFileReference; fileEncoding = 4; lastKnownFileType = sourcecode.c.objc; path = LocalVideoAddViewController.m; sourceTree = "<group>"; };
		4B7550CA1E03CD39005814F8 /* LocalVideoAddViewController.xib */ = {isa = PBXFileReference; fileEncoding = 4; lastKnownFileType = file.xib; path = LocalVideoAddViewController.xib; sourceTree = "<group>"; };
		842472E21DCC7FA0007B4D44 /* PPYShortVideo.app */ = {isa = PBXFileReference; explicitFileType = wrapper.application; includeInIndex = 0; path = PPYShortVideo.app; sourceTree = BUILT_PRODUCTS_DIR; };
		842472E81DCC7FA0007B4D44 /* AppDelegate.h */ = {isa = PBXFileReference; lastKnownFileType = sourcecode.c.h; path = AppDelegate.h; sourceTree = "<group>"; };
		842472E91DCC7FA0007B4D44 /* AppDelegate.m */ = {isa = PBXFileReference; lastKnownFileType = sourcecode.c.objc; path = AppDelegate.m; sourceTree = "<group>"; };
/* End PBXFileReference section */

/* Begin PBXFrameworksBuildPhase section */
		842472DF1DCC7FA0007B4D44 /* Frameworks */ = {
			isa = PBXFrameworksBuildPhase;
			buildActionMask = 2147483647;
			files = (
				4B17040B1E092594006E3566 /* MediaStreamerFramework.framework in Frameworks */,
				4B17040D1E092594006E3566 /* MediaPlayerFramework.framework in Frameworks */,
				4B754FF41E03C7D1005814F8 /* QuartzCore.framework in Frameworks */,
				4B1704101E092601006E3566 /* PPYLiveKit.framework in Frameworks */,
				4B754FF21E03C7C9005814F8 /* CoreGraphics.framework in Frameworks */,
			);
			runOnlyForDeploymentPostprocessing = 0;
		};
/* End PBXFrameworksBuildPhase section */

/* Begin PBXGroup section */
		4B02DF311E010D8F00DE345F /* Category */ = {
			isa = PBXGroup;
			children = (
				4B02DF321E010D8F00DE345F /* NSArray+ObjectAtIndexWithBoundsCheck.h */,
				4B02DF331E010D8F00DE345F /* NSArray+ObjectAtIndexWithBoundsCheck.m */,
				4B02DF341E010D8F00DE345F /* SafeValue */,
				4B02DF401E010D8F00DE345F /* UIColor+BZHex.h */,
				4B02DF411E010D8F00DE345F /* UIColor+BZHex.m */,
			);
			path = Category;
			sourceTree = "<group>";
		};
		4B02DF341E010D8F00DE345F /* SafeValue */ = {
			isa = PBXGroup;
			children = (
				4B02DF351E010D8F00DE345F /* NSArray+SafeValue.h */,
				4B02DF361E010D8F00DE345F /* NSArray+SafeValue.m */,
				4B02DF371E010D8F00DE345F /* NSArray+StringValue.h */,
				4B02DF381E010D8F00DE345F /* NSArray+StringValue.m */,
				4B02DF391E010D8F00DE345F /* NSDictionary+SafeValue.h */,
				4B02DF3A1E010D8F00DE345F /* NSDictionary+SafeValue.m */,
				4B02DF3B1E010D8F00DE345F /* NSDictionary+StringValue.h */,
				4B02DF3C1E010D8F00DE345F /* NSDictionary+StringValue.m */,
				4B02DF3D1E010D8F00DE345F /* NSObject+SafeValueWithJSON.h */,
				4B02DF3E1E010D8F00DE345F /* NSObject+SafeValueWithJSON.m */,
				4B02DF3F1E010D8F00DE345F /* PPObjectSafe.h */,
			);
			path = SafeValue;
			sourceTree = "<group>";
		};
		4B1703D41E07C249006E3566 /* Main */ = {
			isa = PBXGroup;
			children = (
				4B1703D51E07C249006E3566 /* mainViewController.h */,
				4B1703D61E07C249006E3566 /* mainViewController.m */,
				4B1703D71E07C249006E3566 /* mainViewController.xib */,
			);
			path = Main;
			sourceTree = "<group>";
		};
		4B1703D81E07C249006E3566 /* Record */ = {
			isa = PBXGroup;
			children = (
				4B1703E91E07C7A2006E3566 /* SLKMediaInfoViewController.h */,
				4B1703EA1E07C7A2006E3566 /* SLKMediaInfoViewController.m */,
				4B1703E61E07C2A1006E3566 /* SLKMediaProcesserViewController.h */,
				4B1703E71E07C2A1006E3566 /* SLKMediaProcesserViewController.m */,
				4B1703D91E07C249006E3566 /* RecordController.h */,
				4B1703DA1E07C249006E3566 /* RecordController.m */,
				4B1703DB1E07C249006E3566 /* RecordController.xib */,
			);
			path = Record;
			sourceTree = "<group>";
		};
		4B1703F31E08D1D2006E3566 /* VideoEdit */ = {
			isa = PBXGroup;
			children = (
				4B1703F41E08D1EC006E3566 /* BZChiefEditViewController.h */,
				4B1703F51E08D1EC006E3566 /* BZChiefEditViewController.m */,
				4B1703F61E08D1EC006E3566 /* BZChiefEditViewController.xib */,
				4B0F44291E0CC3C100D6B1A2 /* BZVideoEditViewController.h */,
				4B0F442A1E0CC3C100D6B1A2 /* BZVideoEditViewController.m */,
				4B0F442B1E0CC3C100D6B1A2 /* BZVideoEditViewController.xib */,
				4B0F442E1E0CC3D100D6B1A2 /* BZVideoCutViewController.h */,
				4B0F442F1E0CC3D100D6B1A2 /* BZVideoCutViewController.m */,
				4B0F44301E0CC3D100D6B1A2 /* BZVideoCutViewController.xib */,
			);
			path = VideoEdit;
			sourceTree = "<group>";
		};
		4B239C691DFAAA0500D01B55 /* CoreLib */ = {
			isa = PBXGroup;
			children = (
				4B1704081E092594006E3566 /* MediaStreamerFramework.framework */,
				4B1704091E092594006E3566 /* PPYLiveKit.framework */,
				4B17040A1E092594006E3566 /* MediaPlayerFramework.framework */,
			);
			path = CoreLib;
			sourceTree = "<group>";
		};
		4B754FC31E026A10005814F8 /* Model */ = {
			isa = PBXGroup;
			children = (
				4B754FC41E026A42005814F8 /* AlbumVideoInfo.h */,
				4B754FC51E026A42005814F8 /* AlbumVideoInfo.m */,
				4B1703F01E08C1DF006E3566 /* BZVideoInfo.h */,
				4B1703F11E08C1DF006E3566 /* BZVideoInfo.m */,
			);
			path = Model;
			sourceTree = "<group>";
		};
		4B754FF01E03C7C8005814F8 /* Frameworks */ = {
			isa = PBXGroup;
			children = (
				4B1704061E091FDA006E3566 /* CoreMedia.framework */,
				4B1704041E091F57006E3566 /* AVFoundation.framework */,
				4B1704021E091F24006E3566 /* VideoToolbox.framework */,
				4B1704001E091ED5006E3566 /* OpenGLES.framework */,
				4B1703FE1E091E94006E3566 /* libz.tbd */,
				4B1703FC1E091E8D006E3566 /* libc++.tbd */,
				4B754FF31E03C7D1005814F8 /* QuartzCore.framework */,
				4B754FF11E03C7C9005814F8 /* CoreGraphics.framework */,
			);
			name = Frameworks;
			sourceTree = "<group>";
		};
		4B754FF51E03CA29005814F8 /* Supporting Files */ = {
			isa = PBXGroup;
			children = (
				4B754FF61E03CA29005814F8 /* Assets.xcassets */,
				4B754FF71E03CA29005814F8 /* LaunchScreen.storyboard */,
				4B754FF91E03CA29005814F8 /* Info.plist */,
				4B754FFA1E03CA29005814F8 /* main.m */,
				4B754FFF1E03CA7B005814F8 /* PrefixHeader.pch */,
			);
			path = "Supporting Files";
			sourceTree = "<group>";
		};
		4B7550001E03CBAD005814F8 /* Network */ = {
			isa = PBXGroup;
			children = (
				4B7550011E03CBAD005814F8 /* WebAPI.h */,
				4B7550021E03CBAD005814F8 /* WebAPI.m */,
				4B7550031E03CBAD005814F8 /* WebAPIResponseModels.h */,
				4B7550041E03CBAD005814F8 /* WebAPIResponseModels.m */,
			);
			path = Network;
			sourceTree = "<group>";
		};
		4B7550071E03CBC3005814F8 /* OpenSource */ = {
			isa = PBXGroup;
			children = (
				4B7550081E03CBC3005814F8 /* AFNetworking */,
				4B7550161E03CBC3005814F8 /* Masonry */,
				4B7550301E03CBC3005814F8 /* MBProgressHUD */,
				4B7550331E03CBC3005814F8 /* SVPullToRefresh */,
				4B7550391E03CBC3005814F8 /* YYModel */,
			);
			path = OpenSource;
			sourceTree = "<group>";
		};
		4B7550081E03CBC3005814F8 /* AFNetworking */ = {
			isa = PBXGroup;
			children = (
				4B7550091E03CBC3005814F8 /* AFHTTPSessionManager.h */,
				4B75500A1E03CBC3005814F8 /* AFHTTPSessionManager.m */,
				4B75500B1E03CBC3005814F8 /* AFNetworking.h */,
				4B75500C1E03CBC3005814F8 /* AFNetworkReachabilityManager.h */,
				4B75500D1E03CBC3005814F8 /* AFNetworkReachabilityManager.m */,
				4B75500E1E03CBC3005814F8 /* AFSecurityPolicy.h */,
				4B75500F1E03CBC3005814F8 /* AFSecurityPolicy.m */,
				4B7550101E03CBC3005814F8 /* AFURLRequestSerialization.h */,
				4B7550111E03CBC3005814F8 /* AFURLRequestSerialization.m */,
				4B7550121E03CBC3005814F8 /* AFURLResponseSerialization.h */,
				4B7550131E03CBC3005814F8 /* AFURLResponseSerialization.m */,
				4B7550141E03CBC3005814F8 /* AFURLSessionManager.h */,
				4B7550151E03CBC3005814F8 /* AFURLSessionManager.m */,
			);
			path = AFNetworking;
			sourceTree = "<group>";
		};
		4B7550161E03CBC3005814F8 /* Masonry */ = {
			isa = PBXGroup;
			children = (
				4B7550171E03CBC3005814F8 /* MASCompositeConstraint.h */,
				4B7550181E03CBC3005814F8 /* MASCompositeConstraint.m */,
				4B7550191E03CBC3005814F8 /* MASConstraint+Private.h */,
				4B75501A1E03CBC3005814F8 /* MASConstraint.h */,
				4B75501B1E03CBC3005814F8 /* MASConstraint.m */,
				4B75501C1E03CBC3005814F8 /* MASConstraintMaker.h */,
				4B75501D1E03CBC3005814F8 /* MASConstraintMaker.m */,
				4B75501E1E03CBC3005814F8 /* MASLayoutConstraint.h */,
				4B75501F1E03CBC3005814F8 /* MASLayoutConstraint.m */,
				4B7550201E03CBC3005814F8 /* Masonry.h */,
				4B7550211E03CBC3005814F8 /* MASUtilities.h */,
				4B7550221E03CBC3005814F8 /* MASViewAttribute.h */,
				4B7550231E03CBC3005814F8 /* MASViewAttribute.m */,
				4B7550241E03CBC3005814F8 /* MASViewConstraint.h */,
				4B7550251E03CBC3005814F8 /* MASViewConstraint.m */,
				4B7550261E03CBC3005814F8 /* NSArray+MASAdditions.h */,
				4B7550271E03CBC3005814F8 /* NSArray+MASAdditions.m */,
				4B7550281E03CBC3005814F8 /* NSArray+MASShorthandAdditions.h */,
				4B7550291E03CBC3005814F8 /* NSLayoutConstraint+MASDebugAdditions.h */,
				4B75502A1E03CBC3005814F8 /* NSLayoutConstraint+MASDebugAdditions.m */,
				4B75502B1E03CBC3005814F8 /* View+MASAdditions.h */,
				4B75502C1E03CBC3005814F8 /* View+MASAdditions.m */,
				4B75502D1E03CBC3005814F8 /* View+MASShorthandAdditions.h */,
				4B75502E1E03CBC3005814F8 /* ViewController+MASAdditions.h */,
				4B75502F1E03CBC3005814F8 /* ViewController+MASAdditions.m */,
			);
			path = Masonry;
			sourceTree = "<group>";
		};
		4B7550301E03CBC3005814F8 /* MBProgressHUD */ = {
			isa = PBXGroup;
			children = (
				4B7550311E03CBC3005814F8 /* MBProgressHUD.h */,
				4B7550321E03CBC3005814F8 /* MBProgressHUD.m */,
			);
			path = MBProgressHUD;
			sourceTree = "<group>";
		};
		4B7550331E03CBC3005814F8 /* SVPullToRefresh */ = {
			isa = PBXGroup;
			children = (
				4B7550341E03CBC3005814F8 /* SVPullToRefresh.h */,
				4B7550351E03CBC3005814F8 /* UIScrollView+SVInfiniteScrolling.h */,
				4B7550361E03CBC3005814F8 /* UIScrollView+SVInfiniteScrolling.m */,
				4B7550371E03CBC3005814F8 /* UIScrollView+SVPullToRefresh.h */,
				4B7550381E03CBC3005814F8 /* UIScrollView+SVPullToRefresh.m */,
			);
			path = SVPullToRefresh;
			sourceTree = "<group>";
		};
		4B7550391E03CBC3005814F8 /* YYModel */ = {
			isa = PBXGroup;
			children = (
				4B75503A1E03CBC3005814F8 /* NSObject+YYModel.h */,
				4B75503B1E03CBC3005814F8 /* NSObject+YYModel.m */,
				4B75503C1E03CBC3005814F8 /* YYClassInfo.h */,
				4B75503D1E03CBC3005814F8 /* YYClassInfo.m */,
				4B75503E1E03CBC3005814F8 /* YYModel.h */,
			);
			path = YYModel;
			sourceTree = "<group>";
		};
		4B7550541E03CBD5005814F8 /* CustomView */ = {
			isa = PBXGroup;
			children = (
				4B7550551E03CBD5005814F8 /* CaptureView.h */,
				4B7550561E03CBD5005814F8 /* CaptureView.m */,
				4B7550571E03CBD5005814F8 /* JGCycleProgressView.h */,
				4B7550581E03CBD5005814F8 /* JGCycleProgressView.m */,
				4B7550591E03CBD5005814F8 /* JGPlayerControlPanel.h */,
				4B75505A1E03CBD5005814F8 /* JGPlayerControlPanel.m */,
				4B75505B1E03CBD5005814F8 /* JGPlayerControlPanel.xib */,
				4B75505C1E03CBD5005814F8 /* PlayerView.h */,
				4B75505D1E03CBD5005814F8 /* PlayerView.m */,
				4B75505E1E03CBD5005814F8 /* PPProgressView.h */,
				4B75505F1E03CBD5005814F8 /* PPProgressView.m */,
				4B2F66431E07783D0080B941 /* XWDragCellCollectionView.h */,
				4B2F66441E07783D0080B941 /* XWDragCellCollectionView.m */,
			);
			path = CustomView;
			sourceTree = "<group>";
		};
		4B7550AA1E03CD39005814F8 /* Controllers */ = {
			isa = PBXGroup;
			children = (
				4B1703D41E07C249006E3566 /* Main */,
				4B1703D81E07C249006E3566 /* Record */,
				4B1703F31E08D1D2006E3566 /* VideoEdit */,
				4B7550AB1E03CD39005814F8 /* cells */,
				4B7550B81E03CD39005814F8 /* Player */,
				4B7550C71E03CD39005814F8 /* 镜头添加 */,
			);
			path = Controllers;
			sourceTree = "<group>";
		};
		4B7550AB1E03CD39005814F8 /* cells */ = {
			isa = PBXGroup;
			children = (
				4B7550AC1E03CD39005814F8 /* FlowCell.h */,
				4B7550AD1E03CD39005814F8 /* FlowCell.m */,
				4B7550AE1E03CD39005814F8 /* FlowCell.xib */,
				4B7550AF1E03CD39005814F8 /* LocalVideoCell.h */,
				4B7550B01E03CD39005814F8 /* LocalVideoCell.m */,
				4B7550B11E03CD39005814F8 /* LocalVideoCell.xib */,
				4B7550B21E03CD39005814F8 /* SelectVideoViewCell.h */,
				4B7550B31E03CD39005814F8 /* SelectVideoViewCell.m */,
				4B7550B41E03CD39005814F8 /* SelectVideoViewCell.xib */,
			);
			path = cells;
			sourceTree = "<group>";
		};
		4B7550B81E03CD39005814F8 /* Player */ = {
			isa = PBXGroup;
			children = (
				4B7550B91E03CD39005814F8 /* PlayerController.h */,
				4B7550BA1E03CD39005814F8 /* PlayerController.m */,
				4B7550BB1E03CD39005814F8 /* PlayerController.xib */,
				4B7550BC1E03CD39005814F8 /* PlayListController.h */,
				4B7550BD1E03CD39005814F8 /* PlayListController.m */,
				4B7550BE1E03CD39005814F8 /* PlayListController.xib */,
				4B7550BF1E03CD39005814F8 /* PlayListHelper.h */,
				4B7550C01E03CD39005814F8 /* PlayListHelper.m */,
			);
			path = Player;
			sourceTree = "<group>";
		};
		4B7550C71E03CD39005814F8 /* 镜头添加 */ = {
			isa = PBXGroup;
			children = (
				4B7550C81E03CD39005814F8 /* LocalVideoAddViewController.h */,
				4B7550C91E03CD39005814F8 /* LocalVideoAddViewController.m */,
				4B7550CA1E03CD39005814F8 /* LocalVideoAddViewController.xib */,
			);
			path = "镜头添加";
			sourceTree = "<group>";
		};
		842472D91DCC7FA0007B4D44 = {
			isa = PBXGroup;
			children = (
				4B239C691DFAAA0500D01B55 /* CoreLib */,
				842472E41DCC7FA0007B4D44 /* PPYShortVideo */,
				842472E31DCC7FA0007B4D44 /* Products */,
				4B754FF01E03C7C8005814F8 /* Frameworks */,
			);
			sourceTree = "<group>";
		};
		842472E31DCC7FA0007B4D44 /* Products */ = {
			isa = PBXGroup;
			children = (
				842472E21DCC7FA0007B4D44 /* PPYShortVideo.app */,
			);
			name = Products;
			sourceTree = "<group>";
		};
		842472E41DCC7FA0007B4D44 /* PPYShortVideo */ = {
			isa = PBXGroup;
			children = (
				842472E81DCC7FA0007B4D44 /* AppDelegate.h */,
				842472E91DCC7FA0007B4D44 /* AppDelegate.m */,
				4B7550AA1E03CD39005814F8 /* Controllers */,
				4B7550541E03CBD5005814F8 /* CustomView */,
				4B754FC31E026A10005814F8 /* Model */,
				4B7550001E03CBAD005814F8 /* Network */,
				4B02DF311E010D8F00DE345F /* Category */,
				4B7550071E03CBC3005814F8 /* OpenSource */,
				4B754FF51E03CA29005814F8 /* Supporting Files */,
			);
			path = PPYShortVideo;
			sourceTree = "<group>";
		};
/* End PBXGroup section */

/* Begin PBXNativeTarget section */
		842472E11DCC7FA0007B4D44 /* PPYShortVideo */ = {
			isa = PBXNativeTarget;
			buildConfigurationList = 842472F91DCC7FA0007B4D44 /* Build configuration list for PBXNativeTarget "PPYShortVideo" */;
			buildPhases = (
				842472DE1DCC7FA0007B4D44 /* Sources */,
				842472DF1DCC7FA0007B4D44 /* Frameworks */,
				842472E01DCC7FA0007B4D44 /* Resources */,
				842473241DD04D83007B4D44 /* Embed Frameworks */,
			);
			buildRules = (
			);
			dependencies = (
			);
			name = PPYShortVideo;
			productName = PPYShortVideo;
			productReference = 842472E21DCC7FA0007B4D44 /* PPYShortVideo.app */;
			productType = "com.apple.product-type.application";
		};
/* End PBXNativeTarget section */

/* Begin PBXProject section */
		842472DA1DCC7FA0007B4D44 /* Project object */ = {
			isa = PBXProject;
			attributes = {
				LastUpgradeCheck = 0810;
				ORGANIZATIONNAME = PPTV;
				TargetAttributes = {
					842472E11DCC7FA0007B4D44 = {
						CreatedOnToolsVersion = 8.0;
						DevelopmentTeam = 3U62SP5YP3;
						ProvisioningStyle = Automatic;
					};
				};
			};
			buildConfigurationList = 842472DD1DCC7FA0007B4D44 /* Build configuration list for PBXProject "PPYShortVideo" */;
			compatibilityVersion = "Xcode 3.2";
			developmentRegion = English;
			hasScannedForEncodings = 0;
			knownRegions = (
				en,
				Base,
			);
			mainGroup = 842472D91DCC7FA0007B4D44;
			productRefGroup = 842472E31DCC7FA0007B4D44 /* Products */;
			projectDirPath = "";
			projectRoot = "";
			targets = (
				842472E11DCC7FA0007B4D44 /* PPYShortVideo */,
			);
		};
/* End PBXProject section */

/* Begin PBXResourcesBuildPhase section */
		842472E01DCC7FA0007B4D44 /* Resources */ = {
			isa = PBXResourcesBuildPhase;
			buildActionMask = 2147483647;
			files = (
				4B7550D01E03CD39005814F8 /* SelectVideoViewCell.xib in Resources */,
				4B1703E11E07C249006E3566 /* mainViewController.xib in Resources */,
				4B7550D61E03CD39005814F8 /* PlayListController.xib in Resources */,
				4B754FFB1E03CA29005814F8 /* Assets.xcassets in Resources */,
				4B754FFC1E03CA29005814F8 /* LaunchScreen.storyboard in Resources */,
				4B7550631E03CBD5005814F8 /* JGPlayerControlPanel.xib in Resources */,
				4B0F442D1E0CC3C100D6B1A2 /* BZVideoEditViewController.xib in Resources */,
				4B0F44321E0CC3D100D6B1A2 /* BZVideoCutViewController.xib in Resources */,
				4B7550DD1E03CD39005814F8 /* LocalVideoAddViewController.xib in Resources */,
				4B1703F81E08D1EC006E3566 /* BZChiefEditViewController.xib in Resources */,
				4B7550D41E03CD39005814F8 /* PlayerController.xib in Resources */,
				4B1703E31E07C249006E3566 /* RecordController.xib in Resources */,
				4B7550CE1E03CD39005814F8 /* LocalVideoCell.xib in Resources */,
				4B7550CC1E03CD39005814F8 /* FlowCell.xib in Resources */,
			);
			runOnlyForDeploymentPostprocessing = 0;
		};
/* End PBXResourcesBuildPhase section */

/* Begin PBXSourcesBuildPhase section */
		842472DE1DCC7FA0007B4D44 /* Sources */ = {
			isa = PBXSourcesBuildPhase;
			buildActionMask = 2147483647;
			files = (
				4B1703E21E07C249006E3566 /* RecordController.m in Sources */,
				4B75504A1E03CBC3005814F8 /* MASViewConstraint.m in Sources */,
				4B7550CD1E03CD39005814F8 /* LocalVideoCell.m in Sources */,
				4B75504E1E03CBC3005814F8 /* ViewController+MASAdditions.m in Sources */,
				4B7550421E03CBC3005814F8 /* AFURLRequestSerialization.m in Sources */,
				4B02DF461E010D8F00DE345F /* NSDictionary+StringValue.m in Sources */,
				4B02DF481E010D8F00DE345F /* UIColor+BZHex.m in Sources */,
				842472EA1DCC7FA0007B4D44 /* AppDelegate.m in Sources */,
				4B7550471E03CBC3005814F8 /* MASConstraintMaker.m in Sources */,
				4B7550521E03CBC3005814F8 /* NSObject+YYModel.m in Sources */,
				4B02DF431E010D8F00DE345F /* NSArray+SafeValue.m in Sources */,
				4B7550491E03CBC3005814F8 /* MASViewAttribute.m in Sources */,
				4B02DF451E010D8F00DE345F /* NSDictionary+SafeValue.m in Sources */,
				4B75504B1E03CBC3005814F8 /* NSArray+MASAdditions.m in Sources */,
				4B75504F1E03CBC3005814F8 /* MBProgressHUD.m in Sources */,
				4B7550451E03CBC3005814F8 /* MASCompositeConstraint.m in Sources */,
				4B02DF471E010D8F00DE345F /* NSObject+SafeValueWithJSON.m in Sources */,
				4B75504D1E03CBC3005814F8 /* View+MASAdditions.m in Sources */,
				4B2F66451E07783D0080B941 /* XWDragCellCollectionView.m in Sources */,
				4B7550441E03CBC3005814F8 /* AFURLSessionManager.m in Sources */,
				4B02DF441E010D8F00DE345F /* NSArray+StringValue.m in Sources */,
				4B1703E81E07C2A1006E3566 /* SLKMediaProcesserViewController.m in Sources */,
				4B7550461E03CBC3005814F8 /* MASConstraint.m in Sources */,
				4B7550531E03CBC3005814F8 /* YYClassInfo.m in Sources */,
				4B7550411E03CBC3005814F8 /* AFSecurityPolicy.m in Sources */,
				4B7550641E03CBD5005814F8 /* PlayerView.m in Sources */,
				4B0F442C1E0CC3C100D6B1A2 /* BZVideoEditViewController.m in Sources */,
				4B02DF421E010D8F00DE345F /* NSArray+ObjectAtIndexWithBoundsCheck.m in Sources */,
				4B7550CF1E03CD39005814F8 /* SelectVideoViewCell.m in Sources */,
				4B7550CB1E03CD39005814F8 /* FlowCell.m in Sources */,
				4B7550501E03CBC3005814F8 /* UIScrollView+SVInfiniteScrolling.m in Sources */,
				4B7550401E03CBC3005814F8 /* AFNetworkReachabilityManager.m in Sources */,
				4B0F44311E0CC3D100D6B1A2 /* BZVideoCutViewController.m in Sources */,
				4B754FFE1E03CA29005814F8 /* main.m in Sources */,
				4B7550DC1E03CD39005814F8 /* LocalVideoAddViewController.m in Sources */,
				4B1703F71E08D1EC006E3566 /* BZChiefEditViewController.m in Sources */,
				4B75503F1E03CBC3005814F8 /* AFHTTPSessionManager.m in Sources */,
				4B7550511E03CBC3005814F8 /* UIScrollView+SVPullToRefresh.m in Sources */,
				4B7550621E03CBD5005814F8 /* JGPlayerControlPanel.m in Sources */,
				4B7550D71E03CD39005814F8 /* PlayListHelper.m in Sources */,
				4B754FC61E026A42005814F8 /* AlbumVideoInfo.m in Sources */,
				4B7550D51E03CD39005814F8 /* PlayListController.m in Sources */,
				4B7550051E03CBAD005814F8 /* WebAPI.m in Sources */,
				4B7550481E03CBC3005814F8 /* MASLayoutConstraint.m in Sources */,
				4B75504C1E03CBC3005814F8 /* NSLayoutConstraint+MASDebugAdditions.m in Sources */,
				4B7550061E03CBAD005814F8 /* WebAPIResponseModels.m in Sources */,
				4B1703F21E08C1DF006E3566 /* BZVideoInfo.m in Sources */,
				4B7550651E03CBD5005814F8 /* PPProgressView.m in Sources */,
				4B7550431E03CBC3005814F8 /* AFURLResponseSerialization.m in Sources */,
				4B7550601E03CBD5005814F8 /* CaptureView.m in Sources */,
				4B7550611E03CBD5005814F8 /* JGCycleProgressView.m in Sources */,
				4B1703EB1E07C7A2006E3566 /* SLKMediaInfoViewController.m in Sources */,
				4B7550D31E03CD39005814F8 /* PlayerController.m in Sources */,
				4B1703E01E07C249006E3566 /* mainViewController.m in Sources */,
			);
			runOnlyForDeploymentPostprocessing = 0;
		};
/* End PBXSourcesBuildPhase section */

/* Begin PBXVariantGroup section */
		4B754FF71E03CA29005814F8 /* LaunchScreen.storyboard */ = {
			isa = PBXVariantGroup;
			children = (
				4B754FF81E03CA29005814F8 /* Base */,
			);
			name = LaunchScreen.storyboard;
			sourceTree = "<group>";
		};
/* End PBXVariantGroup section */

/* Begin XCBuildConfiguration section */
		842472F71DCC7FA0007B4D44 /* Debug */ = {
			isa = XCBuildConfiguration;
			buildSettings = {
				ALWAYS_SEARCH_USER_PATHS = NO;
				CLANG_ANALYZER_NONNULL = YES;
				CLANG_CXX_LANGUAGE_STANDARD = "gnu++0x";
				CLANG_CXX_LIBRARY = "libc++";
				CLANG_ENABLE_MODULES = YES;
				CLANG_ENABLE_OBJC_ARC = YES;
				CLANG_WARN_BOOL_CONVERSION = YES;
				CLANG_WARN_CONSTANT_CONVERSION = YES;
				CLANG_WARN_DIRECT_OBJC_ISA_USAGE = YES_ERROR;
				CLANG_WARN_DOCUMENTATION_COMMENTS = YES;
				CLANG_WARN_EMPTY_BODY = YES;
				CLANG_WARN_ENUM_CONVERSION = YES;
				CLANG_WARN_INFINITE_RECURSION = YES;
				CLANG_WARN_INT_CONVERSION = YES;
				CLANG_WARN_OBJC_ROOT_CLASS = YES_ERROR;
				CLANG_WARN_SUSPICIOUS_MOVE = YES;
				CLANG_WARN_SUSPICIOUS_MOVES = YES;
				CLANG_WARN_UNREACHABLE_CODE = YES;
				CLANG_WARN__DUPLICATE_METHOD_MATCH = YES;
				"CODE_SIGN_IDENTITY[sdk=iphoneos*]" = "iPhone Developer";
				COPY_PHASE_STRIP = NO;
				DEBUG_INFORMATION_FORMAT = dwarf;
				ENABLE_STRICT_OBJC_MSGSEND = YES;
				ENABLE_TESTABILITY = YES;
				GCC_C_LANGUAGE_STANDARD = gnu99;
				GCC_DYNAMIC_NO_PIC = NO;
				GCC_NO_COMMON_BLOCKS = YES;
				GCC_OPTIMIZATION_LEVEL = 0;
				GCC_PREPROCESSOR_DEFINITIONS = (
					"DEBUG=1",
					"$(inherited)",
				);
				GCC_WARN_64_TO_32_BIT_CONVERSION = YES;
				GCC_WARN_ABOUT_RETURN_TYPE = YES_ERROR;
				GCC_WARN_UNDECLARED_SELECTOR = YES;
				GCC_WARN_UNINITIALIZED_AUTOS = YES_AGGRESSIVE;
				GCC_WARN_UNUSED_FUNCTION = YES;
				GCC_WARN_UNUSED_VARIABLE = YES;
				IPHONEOS_DEPLOYMENT_TARGET = 10.0;
				MTL_ENABLE_DEBUG_INFO = YES;
				ONLY_ACTIVE_ARCH = YES;
				SDKROOT = iphoneos;
			};
			name = Debug;
		};
		842472F81DCC7FA0007B4D44 /* Release */ = {
			isa = XCBuildConfiguration;
			buildSettings = {
				ALWAYS_SEARCH_USER_PATHS = NO;
				CLANG_ANALYZER_NONNULL = YES;
				CLANG_CXX_LANGUAGE_STANDARD = "gnu++0x";
				CLANG_CXX_LIBRARY = "libc++";
				CLANG_ENABLE_MODULES = YES;
				CLANG_ENABLE_OBJC_ARC = YES;
				CLANG_WARN_BOOL_CONVERSION = YES;
				CLANG_WARN_CONSTANT_CONVERSION = YES;
				CLANG_WARN_DIRECT_OBJC_ISA_USAGE = YES_ERROR;
				CLANG_WARN_DOCUMENTATION_COMMENTS = YES;
				CLANG_WARN_EMPTY_BODY = YES;
				CLANG_WARN_ENUM_CONVERSION = YES;
				CLANG_WARN_INFINITE_RECURSION = YES;
				CLANG_WARN_INT_CONVERSION = YES;
				CLANG_WARN_OBJC_ROOT_CLASS = YES_ERROR;
				CLANG_WARN_SUSPICIOUS_MOVE = YES;
				CLANG_WARN_SUSPICIOUS_MOVES = YES;
				CLANG_WARN_UNREACHABLE_CODE = YES;
				CLANG_WARN__DUPLICATE_METHOD_MATCH = YES;
				"CODE_SIGN_IDENTITY[sdk=iphoneos*]" = "iPhone Developer";
				COPY_PHASE_STRIP = NO;
				DEBUG_INFORMATION_FORMAT = "dwarf-with-dsym";
				ENABLE_NS_ASSERTIONS = NO;
				ENABLE_STRICT_OBJC_MSGSEND = YES;
				GCC_C_LANGUAGE_STANDARD = gnu99;
				GCC_NO_COMMON_BLOCKS = YES;
				GCC_WARN_64_TO_32_BIT_CONVERSION = YES;
				GCC_WARN_ABOUT_RETURN_TYPE = YES_ERROR;
				GCC_WARN_UNDECLARED_SELECTOR = YES;
				GCC_WARN_UNINITIALIZED_AUTOS = YES_AGGRESSIVE;
				GCC_WARN_UNUSED_FUNCTION = YES;
				GCC_WARN_UNUSED_VARIABLE = YES;
				IPHONEOS_DEPLOYMENT_TARGET = 10.0;
				MTL_ENABLE_DEBUG_INFO = NO;
				SDKROOT = iphoneos;
				VALIDATE_PRODUCT = YES;
			};
			name = Release;
		};
		842472FA1DCC7FA0007B4D44 /* Debug */ = {
			isa = XCBuildConfiguration;
			buildSettings = {
				ASSETCATALOG_COMPILER_APPICON_NAME = AppIcon;
				CODE_SIGN_IDENTITY = "iPhone Developer";
				"CODE_SIGN_IDENTITY[sdk=iphoneos*]" = "iPhone Developer";
				DEVELOPMENT_TEAM = 3U62SP5YP3;
				FRAMEWORK_SEARCH_PATHS = (
					"$(inherited)",
					"$(PROJECT_DIR)/CoreLib",
				);
				GCC_PREFIX_HEADER = "PPYShortVideo/Supporting Files/PrefixHeader.pch";
				INFOPLIST_FILE = "PPYShortVideo/Supporting Files/Info.plist";
				IPHONEOS_DEPLOYMENT_TARGET = 8.0;
				LD_RUNPATH_SEARCH_PATHS = "$(inherited) @executable_path/Frameworks";
				PRODUCT_BUNDLE_IDENTIFIER = com.pptv.uploadDemo.PPYShortVideo;
				PRODUCT_NAME = "$(TARGET_NAME)";
				PROVISIONING_PROFILE = "";
				PROVISIONING_PROFILE_SPECIFIER = "";
			};
			name = Debug;
		};
		842472FB1DCC7FA0007B4D44 /* Release */ = {
			isa = XCBuildConfiguration;
			buildSettings = {
				ASSETCATALOG_COMPILER_APPICON_NAME = AppIcon;
				CODE_SIGN_IDENTITY = "iPhone Developer";
				"CODE_SIGN_IDENTITY[sdk=iphoneos*]" = "iPhone Developer";
				DEVELOPMENT_TEAM = 3U62SP5YP3;
				FRAMEWORK_SEARCH_PATHS = (
					"$(inherited)",
					"$(PROJECT_DIR)/CoreLib",
				);
				GCC_PREFIX_HEADER = "PPYShortVideo/Supporting Files/PrefixHeader.pch";
				INFOPLIST_FILE = "PPYShortVideo/Supporting Files/Info.plist";
				IPHONEOS_DEPLOYMENT_TARGET = 8.0;
				LD_RUNPATH_SEARCH_PATHS = "$(inherited) @executable_path/Frameworks";
				PRODUCT_BUNDLE_IDENTIFIER = com.pptv.uploadDemo.PPYShortVideo;
				PRODUCT_NAME = "$(TARGET_NAME)";
				PROVISIONING_PROFILE = "";
				PROVISIONING_PROFILE_SPECIFIER = "";
			};
			name = Release;
		};
/* End XCBuildConfiguration section */

/* Begin XCConfigurationList section */
		842472DD1DCC7FA0007B4D44 /* Build configuration list for PBXProject "PPYShortVideo" */ = {
			isa = XCConfigurationList;
			buildConfigurations = (
				842472F71DCC7FA0007B4D44 /* Debug */,
				842472F81DCC7FA0007B4D44 /* Release */,
			);
			defaultConfigurationIsVisible = 0;
			defaultConfigurationName = Release;
		};
		842472F91DCC7FA0007B4D44 /* Build configuration list for PBXNativeTarget "PPYShortVideo" */ = {
			isa = XCConfigurationList;
			buildConfigurations = (
				842472FA1DCC7FA0007B4D44 /* Debug */,
				842472FB1DCC7FA0007B4D44 /* Release */,
			);
			defaultConfigurationIsVisible = 0;
			defaultConfigurationName = Release;
		};
/* End XCConfigurationList section */
	};
	rootObject = 842472DA1DCC7FA0007B4D44 /* Project object */;
}
